PODS:
  - Alamofire (5.0.5)
  - Swinject (2.7.1)

DEPENDENCIES:
  - Alamofire (~> 5.0.0-rc.3)
  - Swinject

SPEC REPOS:
  trunk:
    - Alamofire
    - Swinject

SPEC CHECKSUMS:
  Alamofire: df2f8f826963b08b9a870791ad48e07a10090b2e
  Swinject: ddf78b8486dd9b71a667b852cad919ab4484478e

PODFILE CHECKSUM: 2645781217e4a760688592f8c4780e0a8bc26c58

COCOAPODS: 1.10.1
