PODS:
  - Alamofire (5.0.5)
  - Bond (7.6.6):
    - Differ (~> 1.4)
    - ReactiveKit (~> 3.14)
  - Differ (1.4.5)
  - ReactiveKit (3.17.1)
  - Swinject (2.7.1)

DEPENDENCIES:
  - Alamofire (~> 5.0.0-rc.3)
  - Bond
  - Swinject

SPEC REPOS:
  trunk:
    - Alamofire
    - Bond
    - Differ
    - ReactiveKit
    - Swinject

SPEC CHECKSUMS:
  Alamofire: df2f8f826963b08b9a870791ad48e07a10090b2e
  Bond: 9e7d901cf4ed825b6004a93dd0a7f1c7479e2834
  Differ: 3b6bd78e2b20cc795d9a86f7641d087524e4273e
  ReactiveKit: f578a74d3555296ea61fab228f5245a4ed7b4b27
  Swinject: ddf78b8486dd9b71a667b852cad919ab4484478e

PODFILE CHECKSUM: 02bcce368826ab13128c7e664fda3e2953f71593

COCOAPODS: 1.8.4
