// !$*UTF8*$!
{
	archiveVersion = 1;
	classes = {
	};
	objectVersion = 51;
	objects = {

/* Begin PBXBuildFile section */
		2D0ABD21253EF27000A89F60 /* SummaryTest.swift in Sources */ = {isa = PBXBuildFile; fileRef = 2D0ABD20253EF27000A89F60 /* SummaryTest.swift */; };
		2D0ABD26253EF3FA00A89F60 /* SummaryIntegrationTest.swift in Sources */ = {isa = PBXBuildFile; fileRef = 2D0ABD25253EF3FA00A89F60 /* SummaryIntegrationTest.swift */; };
		2D0ABD34253EF79400A89F60 /* SummaryDataRequestTest.swift in Sources */ = {isa = PBXBuildFile; fileRef = 2D0ABD33253EF79400A89F60 /* SummaryDataRequestTest.swift */; };
		2D0ABD37253EF79800A89F60 /* summary_data.json in Resources */ = {isa = PBXBuildFile; fileRef = 2D0ABD2D253EF5BA00A89F60 /* summary_data.json */; };
		2D14A916252CF2E60056FF76 /* CountryUseCase.swift in Sources */ = {isa = PBXBuildFile; fileRef = 2D14A915252CF2E60056FF76 /* CountryUseCase.swift */; };
		2D14A918252CF2FE0056FF76 /* CountryUseCaseDelegate.swift in Sources */ = {isa = PBXBuildFile; fileRef = 2D14A917252CF2FE0056FF76 /* CountryUseCaseDelegate.swift */; };
		2D14A91A252CF3280056FF76 /* CountryUseCaseResponseDelegate.swift in Sources */ = {isa = PBXBuildFile; fileRef = 2D14A919252CF3280056FF76 /* CountryUseCaseResponseDelegate.swift */; };
		2D14A91D252CF3AC0056FF76 /* CountryRouter.swift in Sources */ = {isa = PBXBuildFile; fileRef = 2D14A91C252CF3AC0056FF76 /* CountryRouter.swift */; };
		2D14A91F252CF3C40056FF76 /* CountryNetworkProtocolRequest.swift in Sources */ = {isa = PBXBuildFile; fileRef = 2D14A91E252CF3C40056FF76 /* CountryNetworkProtocolRequest.swift */; };
		2D14A921252CF3D00056FF76 /* CountryNetworkRequest.swift in Sources */ = {isa = PBXBuildFile; fileRef = 2D14A920252CF3D00056FF76 /* CountryNetworkRequest.swift */; };
		2D14A924252D03B20056FF76 /* CountryCovidViewModel.swift in Sources */ = {isa = PBXBuildFile; fileRef = 2D14A923252D03B20056FF76 /* CountryCovidViewModel.swift */; };
		2D14A926252D03D00056FF76 /* CountryCovidViewModelInputDelegate.swift in Sources */ = {isa = PBXBuildFile; fileRef = 2D14A925252D03D00056FF76 /* CountryCovidViewModelInputDelegate.swift */; };
		2D14A928252D03FD0056FF76 /* CountryCovidViewModelOutputDelegate.swift in Sources */ = {isa = PBXBuildFile; fileRef = 2D14A927252D03FD0056FF76 /* CountryCovidViewModelOutputDelegate.swift */; };
		2D14A92B252D0EDB0056FF76 /* CountryCell.xib in Resources */ = {isa = PBXBuildFile; fileRef = 2D14A92A252D0EDB0056FF76 /* CountryCell.xib */; };
		2D14A92D252D0EED0056FF76 /* CountryTableViewCell.swift in Sources */ = {isa = PBXBuildFile; fileRef = 2D14A92C252D0EED0056FF76 /* CountryTableViewCell.swift */; };
		2D14B73A25290E750079C7C3 /* SummaryLocalProtocolRequest.swift in Sources */ = {isa = PBXBuildFile; fileRef = 2D14B73925290E750079C7C3 /* SummaryLocalProtocolRequest.swift */; };
		2D14B73C25290EE20079C7C3 /* SummaryLocalRequest.swift in Sources */ = {isa = PBXBuildFile; fileRef = 2D14B73B25290EE20079C7C3 /* SummaryLocalRequest.swift */; };
		2D14B73E252911AB0079C7C3 /* NetworkAssembly.swift in Sources */ = {isa = PBXBuildFile; fileRef = 2D14B73D252911AB0079C7C3 /* NetworkAssembly.swift */; };
		2D14B7402529122D0079C7C3 /* PersistenceAssembly.swift in Sources */ = {isa = PBXBuildFile; fileRef = 2D14B73F2529122D0079C7C3 /* PersistenceAssembly.swift */; };
		2D1DE739252A632B0039E298 /* CountryModelMapperDelegate.swift in Sources */ = {isa = PBXBuildFile; fileRef = 2D1DE738252A632B0039E298 /* CountryModelMapperDelegate.swift */; };
		2D1DE73B252A637E0039E298 /* CountryModel.swift in Sources */ = {isa = PBXBuildFile; fileRef = 2D1DE73A252A637E0039E298 /* CountryModel.swift */; };
		2D1DE73D252A66D20039E298 /* CountryModelMapper.swift in Sources */ = {isa = PBXBuildFile; fileRef = 2D1DE73C252A66D20039E298 /* CountryModelMapper.swift */; };
		2D1DE740252A6C340039E298 /* CountryLocalProtocolRequest.swift in Sources */ = {isa = PBXBuildFile; fileRef = 2D1DE73F252A6C340039E298 /* CountryLocalProtocolRequest.swift */; };
		2D1DE742252A6C800039E298 /* CountryLocalRequest.swift in Sources */ = {isa = PBXBuildFile; fileRef = 2D1DE741252A6C800039E298 /* CountryLocalRequest.swift */; };
		2D1DE745252A6E4D0039E298 /* CountryRepositoryDelegate.swift in Sources */ = {isa = PBXBuildFile; fileRef = 2D1DE744252A6E4D0039E298 /* CountryRepositoryDelegate.swift */; };
		2D1DE747252A6F480039E298 /* CountryRepository.swift in Sources */ = {isa = PBXBuildFile; fileRef = 2D1DE746252A6F480039E298 /* CountryRepository.swift */; };
		2D1DE74C252A74660039E298 /* CountryListViewController.swift in Sources */ = {isa = PBXBuildFile; fileRef = 2D1DE74B252A74660039E298 /* CountryListViewController.swift */; };
		2D1E5044253AFD4600D00EC6 /* ProfileViewController.swift in Sources */ = {isa = PBXBuildFile; fileRef = 2D1E5043253AFD4600D00EC6 /* ProfileViewController.swift */; };
		2D1E5048253AFD5F00D00EC6 /* ProfileViewModel.swift in Sources */ = {isa = PBXBuildFile; fileRef = 2D1E5047253AFD5F00D00EC6 /* ProfileViewModel.swift */; };
		2D1E504C253AFD9900D00EC6 /* ProfileViewModelOutputDelegate.swift in Sources */ = {isa = PBXBuildFile; fileRef = 2D1E504B253AFD9900D00EC6 /* ProfileViewModelOutputDelegate.swift */; };
		2D1E5050253AFDA500D00EC6 /* ProfileViewModelInputDelegate.swift in Sources */ = {isa = PBXBuildFile; fileRef = 2D1E504F253AFDA500D00EC6 /* ProfileViewModelInputDelegate.swift */; };
		2D1E505D253B02F300D00EC6 /* ProfileLocalProtocolData.swift in Sources */ = {isa = PBXBuildFile; fileRef = 2D1E505C253B02F300D00EC6 /* ProfileLocalProtocolData.swift */; };
		2D1E5063253B030200D00EC6 /* ProfileLocalData.swift in Sources */ = {isa = PBXBuildFile; fileRef = 2D1E5062253B030200D00EC6 /* ProfileLocalData.swift */; };
		2D2E0A7224D9F0AB00874A97 /* UIViewController+Extensions.swift in Sources */ = {isa = PBXBuildFile; fileRef = 2D2E0A7124D9F0AB00874A97 /* UIViewController+Extensions.swift */; };
		2D2E0A7624D9F2F900874A97 /* Loadable.swift in Sources */ = {isa = PBXBuildFile; fileRef = 2D2E0A7524D9F2F900874A97 /* Loadable.swift */; };
		2D2E0A7824D9F3FE00874A97 /* LoadingView.xib in Resources */ = {isa = PBXBuildFile; fileRef = 2D2E0A7724D9F3FE00874A97 /* LoadingView.xib */; };
		2D2E0A7A24D9F46000874A97 /* LoadingView.swift in Sources */ = {isa = PBXBuildFile; fileRef = 2D2E0A7924D9F46000874A97 /* LoadingView.swift */; };
		2D2E0A7C24D9F5E900874A97 /* UIView+Extensions.swift in Sources */ = {isa = PBXBuildFile; fileRef = 2D2E0A7B24D9F5E900874A97 /* UIView+Extensions.swift */; };
		2D2E0A7E24D9F69000874A97 /* BaseViewController.swift in Sources */ = {isa = PBXBuildFile; fileRef = 2D2E0A7D24D9F69000874A97 /* BaseViewController.swift */; };
		2D2E0A8024D9FA1500874A97 /* String+Extensions.swift in Sources */ = {isa = PBXBuildFile; fileRef = 2D2E0A7F24D9FA1500874A97 /* String+Extensions.swift */; };
		2D2E0A8324DA027000874A97 /* Main.storyboard in Resources */ = {isa = PBXBuildFile; fileRef = 2D2E0A8224DA027000874A97 /* Main.storyboard */; };
		2D2E0A8524DA02D400874A97 /* SummaryViewController.swift in Sources */ = {isa = PBXBuildFile; fileRef = 2D2E0A8424DA02D400874A97 /* SummaryViewController.swift */; };
		2D2E0A8F24DA09D100874A97 /* ProfileUseCase.swift in Sources */ = {isa = PBXBuildFile; fileRef = 2D2E0A8E24DA09D100874A97 /* ProfileUseCase.swift */; };
		2D2E0A9124DA09E300874A97 /* ProfileUseCaseDelegate.swift in Sources */ = {isa = PBXBuildFile; fileRef = 2D2E0A9024DA09E300874A97 /* ProfileUseCaseDelegate.swift */; };
		2D2E0A9324DA09FA00874A97 /* ProfileUseCaseResponseDelegate.swift in Sources */ = {isa = PBXBuildFile; fileRef = 2D2E0A9224DA09FA00874A97 /* ProfileUseCaseResponseDelegate.swift */; };
		2D2E0A9624DA0C3B00874A97 /* SummaryCovidViewModel.swift in Sources */ = {isa = PBXBuildFile; fileRef = 2D2E0A9524DA0C3B00874A97 /* SummaryCovidViewModel.swift */; };
		2D2E0A9824DA0C8200874A97 /* SummaryCovidViewModelInputDelegate.swift in Sources */ = {isa = PBXBuildFile; fileRef = 2D2E0A9724DA0C8200874A97 /* SummaryCovidViewModelInputDelegate.swift */; };
		2D2E0A9A24DA0C9C00874A97 /* SummaryCovidViewModelOutputDelegate.swift in Sources */ = {isa = PBXBuildFile; fileRef = 2D2E0A9924DA0C9C00874A97 /* SummaryCovidViewModelOutputDelegate.swift */; };
		2DB7071224D94548003B2151 /* AppDelegate.swift in Sources */ = {isa = PBXBuildFile; fileRef = 2DB7071124D94548003B2151 /* AppDelegate.swift */; };
		2DB7071424D94548003B2151 /* SceneDelegate.swift in Sources */ = {isa = PBXBuildFile; fileRef = 2DB7071324D94548003B2151 /* SceneDelegate.swift */; };
		2DB7071B24D9454A003B2151 /* Assets.xcassets in Resources */ = {isa = PBXBuildFile; fileRef = 2DB7071A24D9454A003B2151 /* Assets.xcassets */; };
		2DB7071E24D9454A003B2151 /* LaunchScreen.storyboard in Resources */ = {isa = PBXBuildFile; fileRef = 2DB7071C24D9454A003B2151 /* LaunchScreen.storyboard */; };
		2DB7072924D9454A003B2151 /* MVVM_CleanTests.swift in Sources */ = {isa = PBXBuildFile; fileRef = 2DB7072824D9454A003B2151 /* MVVM_CleanTests.swift */; };
		2DB7073724D94A67003B2151 /* Auth.storyboard in Resources */ = {isa = PBXBuildFile; fileRef = 2DB7073624D94A67003B2151 /* Auth.storyboard */; };
		2DB7073A24D94A8E003B2151 /* LoginViewController.swift in Sources */ = {isa = PBXBuildFile; fileRef = 2DB7073924D94A8E003B2151 /* LoginViewController.swift */; };
		2DB7073D24D94ACB003B2151 /* Splash.storyboard in Resources */ = {isa = PBXBuildFile; fileRef = 2DB7073C24D94ACB003B2151 /* Splash.storyboard */; };
		2DB7074024D94ADB003B2151 /* SplashViewController.swift in Sources */ = {isa = PBXBuildFile; fileRef = 2DB7073F24D94ADB003B2151 /* SplashViewController.swift */; };
		2DB7074624D94C97003B2151 /* Localizable.strings in Resources */ = {isa = PBXBuildFile; fileRef = 2DB7074824D94C97003B2151 /* Localizable.strings */; };
		2DB7075024D94F26003B2151 /* Assembler+Extensions.swift in Sources */ = {isa = PBXBuildFile; fileRef = 2DB7074F24D94F26003B2151 /* Assembler+Extensions.swift */; };
		2DB7075524D94F90003B2151 /* ViewControllerAssembly.swift in Sources */ = {isa = PBXBuildFile; fileRef = 2DB7075424D94F90003B2151 /* ViewControllerAssembly.swift */; };
		2DB7075724D94F9A003B2151 /* ViewModelAssembly.swift in Sources */ = {isa = PBXBuildFile; fileRef = 2DB7075624D94F9A003B2151 /* ViewModelAssembly.swift */; };
		2DB7075924D94FA6003B2151 /* RepositoryAssembly.swift in Sources */ = {isa = PBXBuildFile; fileRef = 2DB7075824D94FA6003B2151 /* RepositoryAssembly.swift */; };
		2DB7075B24D94FAF003B2151 /* UseCaseAssembly.swift in Sources */ = {isa = PBXBuildFile; fileRef = 2DB7075A24D94FAF003B2151 /* UseCaseAssembly.swift */; };
		2DB7075E24D95070003B2151 /* UIStoryboad+Extensions.swift in Sources */ = {isa = PBXBuildFile; fileRef = 2DB7075D24D95070003B2151 /* UIStoryboad+Extensions.swift */; };
		2DB7076224D9523F003B2151 /* LoginViewModel.swift in Sources */ = {isa = PBXBuildFile; fileRef = 2DB7076124D9523F003B2151 /* LoginViewModel.swift */; };
		2DB7076724D95307003B2151 /* ProfileRepositoryDelegate.swift in Sources */ = {isa = PBXBuildFile; fileRef = 2DB7076624D95307003B2151 /* ProfileRepositoryDelegate.swift */; };
		2DB7076924D95547003B2151 /* ProfileRepository.swift in Sources */ = {isa = PBXBuildFile; fileRef = 2DB7076824D95547003B2151 /* ProfileRepository.swift */; };
		2DB7076B24D95E47003B2151 /* SplashScreenViewModel.swift in Sources */ = {isa = PBXBuildFile; fileRef = 2DB7076A24D95E47003B2151 /* SplashScreenViewModel.swift */; };
		2DB7076E24D95EC9003B2151 /* SplashScreenViewModelInputDelegate.swift in Sources */ = {isa = PBXBuildFile; fileRef = 2DB7076D24D95EC9003B2151 /* SplashScreenViewModelInputDelegate.swift */; };
		2DB7077024D95ED7003B2151 /* SplashScreenViewModelOutputDelegate.swift in Sources */ = {isa = PBXBuildFile; fileRef = 2DB7076F24D95ED7003B2151 /* SplashScreenViewModelOutputDelegate.swift */; };
		2DB7077324D97DD6003B2151 /* LoginViewModelInputDelegate.swift in Sources */ = {isa = PBXBuildFile; fileRef = 2DB7077224D97DD6003B2151 /* LoginViewModelInputDelegate.swift */; };
		2DB7077524D97DE3003B2151 /* LoginViewModelOutputDelegate.swift in Sources */ = {isa = PBXBuildFile; fileRef = 2DB7077424D97DE3003B2151 /* LoginViewModelOutputDelegate.swift */; };
		2DB7077824D98743003B2151 /* LoginRepositoryDelegate.swift in Sources */ = {isa = PBXBuildFile; fileRef = 2DB7077724D98743003B2151 /* LoginRepositoryDelegate.swift */; };
		2DB7077B24D987F6003B2151 /* CustomError.swift in Sources */ = {isa = PBXBuildFile; fileRef = 2DB7077A24D987F6003B2151 /* CustomError.swift */; };
		2DB7077D24D98825003B2151 /* UserModel.swift in Sources */ = {isa = PBXBuildFile; fileRef = 2DB7077C24D98825003B2151 /* UserModel.swift */; };
		2DB7077F24D9944F003B2151 /* LoginRepository.swift in Sources */ = {isa = PBXBuildFile; fileRef = 2DB7077E24D9944F003B2151 /* LoginRepository.swift */; };
		2DB7078324D9A5A3003B2151 /* LoginUseCase.swift in Sources */ = {isa = PBXBuildFile; fileRef = 2DB7078224D9A5A3003B2151 /* LoginUseCase.swift */; };
		2DB7078524D9A5BD003B2151 /* LoginUseCaseResponseDelegate.swift in Sources */ = {isa = PBXBuildFile; fileRef = 2DB7078424D9A5BD003B2151 /* LoginUseCaseResponseDelegate.swift */; };
		2DB7078724D9A5CD003B2151 /* LoginUseCaseDelegate.swift in Sources */ = {isa = PBXBuildFile; fileRef = 2DB7078624D9A5CD003B2151 /* LoginUseCaseDelegate.swift */; };
		2DD4B67E2528A7F00065B563 /* CustomConsoleLog.swift in Sources */ = {isa = PBXBuildFile; fileRef = 2DD4B67D2528A7F00065B563 /* CustomConsoleLog.swift */; };
		2DD4B6822528A8770065B563 /* CustomDateUtils.swift in Sources */ = {isa = PBXBuildFile; fileRef = 2DD4B6812528A8770065B563 /* CustomDateUtils.swift */; };
		2DD4B6862528A9AC0065B563 /* SummaryNetworkProtocolRequest.swift in Sources */ = {isa = PBXBuildFile; fileRef = 2DD4B6852528A9AC0065B563 /* SummaryNetworkProtocolRequest.swift */; };
		2DD4B6892528AA6B0065B563 /* SummaryNetworkRequest.swift in Sources */ = {isa = PBXBuildFile; fileRef = 2DD4B6882528AA6B0065B563 /* SummaryNetworkRequest.swift */; };
		2DD4B68C2528AACF0065B563 /* SummaryRouter.swift in Sources */ = {isa = PBXBuildFile; fileRef = 2DD4B68B2528AACF0065B563 /* SummaryRouter.swift */; };
		2DD4B68F2528AE240065B563 /* Summary.swift in Sources */ = {isa = PBXBuildFile; fileRef = 2DD4B68E2528AE240065B563 /* Summary.swift */; };
		2DD4B6902528AE240065B563 /* Summary.swift in Sources */ = {isa = PBXBuildFile; fileRef = 2DD4B68E2528AE240065B563 /* Summary.swift */; };
		2DD4B6922528AE490065B563 /* Country.swift in Sources */ = {isa = PBXBuildFile; fileRef = 2DD4B6912528AE490065B563 /* Country.swift */; };
		2DD4B6932528AE490065B563 /* Country.swift in Sources */ = {isa = PBXBuildFile; fileRef = 2DD4B6912528AE490065B563 /* Country.swift */; };
		2DD4B6952528AEC00065B563 /* Global.swift in Sources */ = {isa = PBXBuildFile; fileRef = 2DD4B6942528AEC00065B563 /* Global.swift */; };
		2DD4B6962528AEC00065B563 /* Global.swift in Sources */ = {isa = PBXBuildFile; fileRef = 2DD4B6942528AEC00065B563 /* Global.swift */; };
		2DD4B6992528AFA20065B563 /* SummaryUseCaseResponseDelegate.swift in Sources */ = {isa = PBXBuildFile; fileRef = 2DD4B6982528AFA20065B563 /* SummaryUseCaseResponseDelegate.swift */; };
		2DD4B69C2528AFDA0065B563 /* SummaryModel.swift in Sources */ = {isa = PBXBuildFile; fileRef = 2DD4B69B2528AFDA0065B563 /* SummaryModel.swift */; };
		2DD4B69F2528B1D60065B563 /* SummaryUseCaseDelegate.swift in Sources */ = {isa = PBXBuildFile; fileRef = 2DD4B69E2528B1D60065B563 /* SummaryUseCaseDelegate.swift */; };
		2DD4B6A32528B2B40065B563 /* SummaryRepositoryDelegate.swift in Sources */ = {isa = PBXBuildFile; fileRef = 2DD4B6A22528B2B40065B563 /* SummaryRepositoryDelegate.swift */; };
		2DD4B6A62528B2BE0065B563 /* SummaryRepository.swift in Sources */ = {isa = PBXBuildFile; fileRef = 2DD4B6A52528B2BE0065B563 /* SummaryRepository.swift */; };
		2DD4B6AA2528B4E20065B563 /* SummayModelMapper.swift in Sources */ = {isa = PBXBuildFile; fileRef = 2DD4B6A92528B4E20065B563 /* SummayModelMapper.swift */; };
		2DD4B6AD2528B9E50065B563 /* MapperAssembly.swift in Sources */ = {isa = PBXBuildFile; fileRef = 2DD4B6AC2528B9E50065B563 /* MapperAssembly.swift */; };
		2DD4B6B02528BA390065B563 /* SummaryModelMapperDelegate.swift in Sources */ = {isa = PBXBuildFile; fileRef = 2DD4B6AF2528BA390065B563 /* SummaryModelMapperDelegate.swift */; };
		2DD4B6B32528BB670065B563 /* SummaryUseCase.swift in Sources */ = {isa = PBXBuildFile; fileRef = 2DD4B6B22528BB670065B563 /* SummaryUseCase.swift */; };
		2DD6D40E24FBE198008EE378 /* APIConfiguration.swift in Sources */ = {isa = PBXBuildFile; fileRef = 2DD6D40D24FBE198008EE378 /* APIConfiguration.swift */; };
		2DD6D41024FBE286008EE378 /* NetworkRequestPerfomer.swift in Sources */ = {isa = PBXBuildFile; fileRef = 2DD6D40F24FBE286008EE378 /* NetworkRequestPerfomer.swift */; };
		2DD6D41224FBEA4C008EE378 /* NetworkConstant.swift in Sources */ = {isa = PBXBuildFile; fileRef = 2DD6D41124FBEA4C008EE378 /* NetworkConstant.swift */; };
		2DD6D41824FBF01E008EE378 /* Configurations.swift in Sources */ = {isa = PBXBuildFile; fileRef = 2DD6D41724FBF01E008EE378 /* Configurations.swift */; };
		2DD6D42324FBF3D0008EE378 /* TransactionModel.swift in Sources */ = {isa = PBXBuildFile; fileRef = 2DD6D42224FBF3D0008EE378 /* TransactionModel.swift */; };
		AB4B9F3BDAE7DF9B21410C4B /* Pods_MVVM_Clean.framework in Frameworks */ = {isa = PBXBuildFile; fileRef = 468FC146B1518ECCEC4847ED /* Pods_MVVM_Clean.framework */; };
		BB0B740F1BFB1EE6B06BCF29 /* Pods_MVVM_CleanTests.framework in Frameworks */ = {isa = PBXBuildFile; fileRef = 5B4A030BF9347454A47F5AA4 /* Pods_MVVM_CleanTests.framework */; };
/* End PBXBuildFile section */

/* Begin PBXContainerItemProxy section */
		2DB7072524D9454A003B2151 /* PBXContainerItemProxy */ = {
			isa = PBXContainerItemProxy;
			containerPortal = 2DB7070624D94547003B2151 /* Project object */;
			proxyType = 1;
			remoteGlobalIDString = 2DB7070D24D94547003B2151;
			remoteInfo = "MVVM-Clean";
		};
/* End PBXContainerItemProxy section */

/* Begin PBXFileReference section */
		2D0ABD20253EF27000A89F60 /* SummaryTest.swift */ = {isa = PBXFileReference; lastKnownFileType = sourcecode.swift; path = SummaryTest.swift; sourceTree = "<group>"; };
		2D0ABD25253EF3FA00A89F60 /* SummaryIntegrationTest.swift */ = {isa = PBXFileReference; lastKnownFileType = sourcecode.swift; path = SummaryIntegrationTest.swift; sourceTree = "<group>"; };
		2D0ABD2D253EF5BA00A89F60 /* summary_data.json */ = {isa = PBXFileReference; lastKnownFileType = text.json; path = summary_data.json; sourceTree = "<group>"; };
		2D0ABD33253EF79400A89F60 /* SummaryDataRequestTest.swift */ = {isa = PBXFileReference; lastKnownFileType = sourcecode.swift; path = SummaryDataRequestTest.swift; sourceTree = "<group>"; };
		2D14A915252CF2E60056FF76 /* CountryUseCase.swift */ = {isa = PBXFileReference; lastKnownFileType = sourcecode.swift; path = CountryUseCase.swift; sourceTree = "<group>"; };
		2D14A917252CF2FE0056FF76 /* CountryUseCaseDelegate.swift */ = {isa = PBXFileReference; lastKnownFileType = sourcecode.swift; path = CountryUseCaseDelegate.swift; sourceTree = "<group>"; };
		2D14A919252CF3280056FF76 /* CountryUseCaseResponseDelegate.swift */ = {isa = PBXFileReference; lastKnownFileType = sourcecode.swift; path = CountryUseCaseResponseDelegate.swift; sourceTree = "<group>"; };
		2D14A91C252CF3AC0056FF76 /* CountryRouter.swift */ = {isa = PBXFileReference; lastKnownFileType = sourcecode.swift; path = CountryRouter.swift; sourceTree = "<group>"; };
		2D14A91E252CF3C40056FF76 /* CountryNetworkProtocolRequest.swift */ = {isa = PBXFileReference; lastKnownFileType = sourcecode.swift; path = CountryNetworkProtocolRequest.swift; sourceTree = "<group>"; };
		2D14A920252CF3D00056FF76 /* CountryNetworkRequest.swift */ = {isa = PBXFileReference; lastKnownFileType = sourcecode.swift; path = CountryNetworkRequest.swift; sourceTree = "<group>"; };
		2D14A923252D03B20056FF76 /* CountryCovidViewModel.swift */ = {isa = PBXFileReference; lastKnownFileType = sourcecode.swift; path = CountryCovidViewModel.swift; sourceTree = "<group>"; };
		2D14A925252D03D00056FF76 /* CountryCovidViewModelInputDelegate.swift */ = {isa = PBXFileReference; lastKnownFileType = sourcecode.swift; path = CountryCovidViewModelInputDelegate.swift; sourceTree = "<group>"; };
		2D14A927252D03FD0056FF76 /* CountryCovidViewModelOutputDelegate.swift */ = {isa = PBXFileReference; lastKnownFileType = sourcecode.swift; path = CountryCovidViewModelOutputDelegate.swift; sourceTree = "<group>"; };
		2D14A92A252D0EDB0056FF76 /* CountryCell.xib */ = {isa = PBXFileReference; lastKnownFileType = file.xib; path = CountryCell.xib; sourceTree = "<group>"; };
		2D14A92C252D0EED0056FF76 /* CountryTableViewCell.swift */ = {isa = PBXFileReference; lastKnownFileType = sourcecode.swift; path = CountryTableViewCell.swift; sourceTree = "<group>"; };
		2D14B73925290E750079C7C3 /* SummaryLocalProtocolRequest.swift */ = {isa = PBXFileReference; lastKnownFileType = sourcecode.swift; path = SummaryLocalProtocolRequest.swift; sourceTree = "<group>"; };
		2D14B73B25290EE20079C7C3 /* SummaryLocalRequest.swift */ = {isa = PBXFileReference; lastKnownFileType = sourcecode.swift; path = SummaryLocalRequest.swift; sourceTree = "<group>"; };
		2D14B73D252911AB0079C7C3 /* NetworkAssembly.swift */ = {isa = PBXFileReference; lastKnownFileType = sourcecode.swift; path = NetworkAssembly.swift; sourceTree = "<group>"; };
		2D14B73F2529122D0079C7C3 /* PersistenceAssembly.swift */ = {isa = PBXFileReference; lastKnownFileType = sourcecode.swift; path = PersistenceAssembly.swift; sourceTree = "<group>"; };
		2D1DE738252A632B0039E298 /* CountryModelMapperDelegate.swift */ = {isa = PBXFileReference; lastKnownFileType = sourcecode.swift; path = CountryModelMapperDelegate.swift; sourceTree = "<group>"; };
		2D1DE73A252A637E0039E298 /* CountryModel.swift */ = {isa = PBXFileReference; lastKnownFileType = sourcecode.swift; path = CountryModel.swift; sourceTree = "<group>"; };
		2D1DE73C252A66D20039E298 /* CountryModelMapper.swift */ = {isa = PBXFileReference; lastKnownFileType = sourcecode.swift; path = CountryModelMapper.swift; sourceTree = "<group>"; };
		2D1DE73F252A6C340039E298 /* CountryLocalProtocolRequest.swift */ = {isa = PBXFileReference; lastKnownFileType = sourcecode.swift; path = CountryLocalProtocolRequest.swift; sourceTree = "<group>"; };
		2D1DE741252A6C800039E298 /* CountryLocalRequest.swift */ = {isa = PBXFileReference; lastKnownFileType = sourcecode.swift; path = CountryLocalRequest.swift; sourceTree = "<group>"; };
		2D1DE744252A6E4D0039E298 /* CountryRepositoryDelegate.swift */ = {isa = PBXFileReference; lastKnownFileType = sourcecode.swift; path = CountryRepositoryDelegate.swift; sourceTree = "<group>"; };
		2D1DE746252A6F480039E298 /* CountryRepository.swift */ = {isa = PBXFileReference; lastKnownFileType = sourcecode.swift; path = CountryRepository.swift; sourceTree = "<group>"; };
		2D1DE74B252A74660039E298 /* CountryListViewController.swift */ = {isa = PBXFileReference; lastKnownFileType = sourcecode.swift; path = CountryListViewController.swift; sourceTree = "<group>"; };
		2D1E5043253AFD4600D00EC6 /* ProfileViewController.swift */ = {isa = PBXFileReference; lastKnownFileType = sourcecode.swift; path = ProfileViewController.swift; sourceTree = "<group>"; };
		2D1E5047253AFD5F00D00EC6 /* ProfileViewModel.swift */ = {isa = PBXFileReference; lastKnownFileType = sourcecode.swift; path = ProfileViewModel.swift; sourceTree = "<group>"; };
		2D1E504B253AFD9900D00EC6 /* ProfileViewModelOutputDelegate.swift */ = {isa = PBXFileReference; lastKnownFileType = sourcecode.swift; path = ProfileViewModelOutputDelegate.swift; sourceTree = "<group>"; };
		2D1E504F253AFDA500D00EC6 /* ProfileViewModelInputDelegate.swift */ = {isa = PBXFileReference; lastKnownFileType = sourcecode.swift; path = ProfileViewModelInputDelegate.swift; sourceTree = "<group>"; };
		2D1E505C253B02F300D00EC6 /* ProfileLocalProtocolData.swift */ = {isa = PBXFileReference; lastKnownFileType = sourcecode.swift; path = ProfileLocalProtocolData.swift; sourceTree = "<group>"; };
		2D1E5062253B030200D00EC6 /* ProfileLocalData.swift */ = {isa = PBXFileReference; lastKnownFileType = sourcecode.swift; path = ProfileLocalData.swift; sourceTree = "<group>"; };
		2D2E0A7124D9F0AB00874A97 /* UIViewController+Extensions.swift */ = {isa = PBXFileReference; lastKnownFileType = sourcecode.swift; path = "UIViewController+Extensions.swift"; sourceTree = "<group>"; };
		2D2E0A7524D9F2F900874A97 /* Loadable.swift */ = {isa = PBXFileReference; lastKnownFileType = sourcecode.swift; path = Loadable.swift; sourceTree = "<group>"; };
		2D2E0A7724D9F3FE00874A97 /* LoadingView.xib */ = {isa = PBXFileReference; lastKnownFileType = file.xib; path = LoadingView.xib; sourceTree = "<group>"; };
		2D2E0A7924D9F46000874A97 /* LoadingView.swift */ = {isa = PBXFileReference; lastKnownFileType = sourcecode.swift; path = LoadingView.swift; sourceTree = "<group>"; };
		2D2E0A7B24D9F5E900874A97 /* UIView+Extensions.swift */ = {isa = PBXFileReference; lastKnownFileType = sourcecode.swift; path = "UIView+Extensions.swift"; sourceTree = "<group>"; };
		2D2E0A7D24D9F69000874A97 /* BaseViewController.swift */ = {isa = PBXFileReference; lastKnownFileType = sourcecode.swift; path = BaseViewController.swift; sourceTree = "<group>"; };
		2D2E0A7F24D9FA1500874A97 /* String+Extensions.swift */ = {isa = PBXFileReference; lastKnownFileType = sourcecode.swift; path = "String+Extensions.swift"; sourceTree = "<group>"; };
		2D2E0A8224DA027000874A97 /* Main.storyboard */ = {isa = PBXFileReference; lastKnownFileType = file.storyboard; path = Main.storyboard; sourceTree = "<group>"; };
		2D2E0A8424DA02D400874A97 /* SummaryViewController.swift */ = {isa = PBXFileReference; lastKnownFileType = sourcecode.swift; path = SummaryViewController.swift; sourceTree = "<group>"; };
		2D2E0A8E24DA09D100874A97 /* ProfileUseCase.swift */ = {isa = PBXFileReference; lastKnownFileType = sourcecode.swift; path = ProfileUseCase.swift; sourceTree = "<group>"; };
		2D2E0A9024DA09E300874A97 /* ProfileUseCaseDelegate.swift */ = {isa = PBXFileReference; lastKnownFileType = sourcecode.swift; path = ProfileUseCaseDelegate.swift; sourceTree = "<group>"; };
		2D2E0A9224DA09FA00874A97 /* ProfileUseCaseResponseDelegate.swift */ = {isa = PBXFileReference; lastKnownFileType = sourcecode.swift; path = ProfileUseCaseResponseDelegate.swift; sourceTree = "<group>"; };
		2D2E0A9524DA0C3B00874A97 /* SummaryCovidViewModel.swift */ = {isa = PBXFileReference; lastKnownFileType = sourcecode.swift; path = SummaryCovidViewModel.swift; sourceTree = "<group>"; };
		2D2E0A9724DA0C8200874A97 /* SummaryCovidViewModelInputDelegate.swift */ = {isa = PBXFileReference; lastKnownFileType = sourcecode.swift; path = SummaryCovidViewModelInputDelegate.swift; sourceTree = "<group>"; };
		2D2E0A9924DA0C9C00874A97 /* SummaryCovidViewModelOutputDelegate.swift */ = {isa = PBXFileReference; lastKnownFileType = sourcecode.swift; path = SummaryCovidViewModelOutputDelegate.swift; sourceTree = "<group>"; };
		2DB7070E24D94547003B2151 /* MVVM-Clean.app */ = {isa = PBXFileReference; explicitFileType = wrapper.application; includeInIndex = 0; path = "MVVM-Clean.app"; sourceTree = BUILT_PRODUCTS_DIR; };
		2DB7071124D94548003B2151 /* AppDelegate.swift */ = {isa = PBXFileReference; lastKnownFileType = sourcecode.swift; path = AppDelegate.swift; sourceTree = "<group>"; };
		2DB7071324D94548003B2151 /* SceneDelegate.swift */ = {isa = PBXFileReference; lastKnownFileType = sourcecode.swift; path = SceneDelegate.swift; sourceTree = "<group>"; };
		2DB7071A24D9454A003B2151 /* Assets.xcassets */ = {isa = PBXFileReference; lastKnownFileType = folder.assetcatalog; path = Assets.xcassets; sourceTree = "<group>"; };
		2DB7071D24D9454A003B2151 /* Base */ = {isa = PBXFileReference; lastKnownFileType = file.storyboard; name = Base; path = Base.lproj/LaunchScreen.storyboard; sourceTree = "<group>"; };
		2DB7071F24D9454A003B2151 /* Info.plist */ = {isa = PBXFileReference; lastKnownFileType = text.plist.xml; path = Info.plist; sourceTree = "<group>"; };
		2DB7072424D9454A003B2151 /* MVVM-CleanTests.xctest */ = {isa = PBXFileReference; explicitFileType = wrapper.cfbundle; includeInIndex = 0; path = "MVVM-CleanTests.xctest"; sourceTree = BUILT_PRODUCTS_DIR; };
		2DB7072824D9454A003B2151 /* MVVM_CleanTests.swift */ = {isa = PBXFileReference; lastKnownFileType = sourcecode.swift; path = MVVM_CleanTests.swift; sourceTree = "<group>"; };
		2DB7072A24D9454A003B2151 /* Info.plist */ = {isa = PBXFileReference; lastKnownFileType = text.plist.xml; path = Info.plist; sourceTree = "<group>"; };
		2DB7073624D94A67003B2151 /* Auth.storyboard */ = {isa = PBXFileReference; lastKnownFileType = file.storyboard; path = Auth.storyboard; sourceTree = "<group>"; };
		2DB7073924D94A8E003B2151 /* LoginViewController.swift */ = {isa = PBXFileReference; lastKnownFileType = sourcecode.swift; path = LoginViewController.swift; sourceTree = "<group>"; };
		2DB7073C24D94ACB003B2151 /* Splash.storyboard */ = {isa = PBXFileReference; lastKnownFileType = file.storyboard; path = Splash.storyboard; sourceTree = "<group>"; };
		2DB7073F24D94ADB003B2151 /* SplashViewController.swift */ = {isa = PBXFileReference; lastKnownFileType = sourcecode.swift; path = SplashViewController.swift; sourceTree = "<group>"; };
		2DB7074924D94C9A003B2151 /* en */ = {isa = PBXFileReference; lastKnownFileType = text.plist.strings; name = en; path = en.lproj/Localizable.strings; sourceTree = "<group>"; };
		2DB7074A24D94CCB003B2151 /* it */ = {isa = PBXFileReference; lastKnownFileType = text.plist.strings; name = it; path = it.lproj/Localizable.strings; sourceTree = "<group>"; };
		2DB7074F24D94F26003B2151 /* Assembler+Extensions.swift */ = {isa = PBXFileReference; lastKnownFileType = sourcecode.swift; path = "Assembler+Extensions.swift"; sourceTree = "<group>"; };
		2DB7075424D94F90003B2151 /* ViewControllerAssembly.swift */ = {isa = PBXFileReference; lastKnownFileType = sourcecode.swift; path = ViewControllerAssembly.swift; sourceTree = "<group>"; };
		2DB7075624D94F9A003B2151 /* ViewModelAssembly.swift */ = {isa = PBXFileReference; lastKnownFileType = sourcecode.swift; path = ViewModelAssembly.swift; sourceTree = "<group>"; };
		2DB7075824D94FA6003B2151 /* RepositoryAssembly.swift */ = {isa = PBXFileReference; lastKnownFileType = sourcecode.swift; path = RepositoryAssembly.swift; sourceTree = "<group>"; };
		2DB7075A24D94FAF003B2151 /* UseCaseAssembly.swift */ = {isa = PBXFileReference; lastKnownFileType = sourcecode.swift; path = UseCaseAssembly.swift; sourceTree = "<group>"; };
		2DB7075D24D95070003B2151 /* UIStoryboad+Extensions.swift */ = {isa = PBXFileReference; lastKnownFileType = sourcecode.swift; path = "UIStoryboad+Extensions.swift"; sourceTree = "<group>"; };
		2DB7076124D9523F003B2151 /* LoginViewModel.swift */ = {isa = PBXFileReference; lastKnownFileType = sourcecode.swift; path = LoginViewModel.swift; sourceTree = "<group>"; };
		2DB7076624D95307003B2151 /* ProfileRepositoryDelegate.swift */ = {isa = PBXFileReference; lastKnownFileType = sourcecode.swift; path = ProfileRepositoryDelegate.swift; sourceTree = "<group>"; };
		2DB7076824D95547003B2151 /* ProfileRepository.swift */ = {isa = PBXFileReference; lastKnownFileType = sourcecode.swift; path = ProfileRepository.swift; sourceTree = "<group>"; };
		2DB7076A24D95E47003B2151 /* SplashScreenViewModel.swift */ = {isa = PBXFileReference; lastKnownFileType = sourcecode.swift; path = SplashScreenViewModel.swift; sourceTree = "<group>"; };
		2DB7076D24D95EC9003B2151 /* SplashScreenViewModelInputDelegate.swift */ = {isa = PBXFileReference; lastKnownFileType = sourcecode.swift; path = SplashScreenViewModelInputDelegate.swift; sourceTree = "<group>"; };
		2DB7076F24D95ED7003B2151 /* SplashScreenViewModelOutputDelegate.swift */ = {isa = PBXFileReference; lastKnownFileType = sourcecode.swift; path = SplashScreenViewModelOutputDelegate.swift; sourceTree = "<group>"; };
		2DB7077224D97DD6003B2151 /* LoginViewModelInputDelegate.swift */ = {isa = PBXFileReference; lastKnownFileType = sourcecode.swift; path = LoginViewModelInputDelegate.swift; sourceTree = "<group>"; };
		2DB7077424D97DE3003B2151 /* LoginViewModelOutputDelegate.swift */ = {isa = PBXFileReference; lastKnownFileType = sourcecode.swift; path = LoginViewModelOutputDelegate.swift; sourceTree = "<group>"; };
		2DB7077724D98743003B2151 /* LoginRepositoryDelegate.swift */ = {isa = PBXFileReference; lastKnownFileType = sourcecode.swift; path = LoginRepositoryDelegate.swift; sourceTree = "<group>"; };
		2DB7077A24D987F6003B2151 /* CustomError.swift */ = {isa = PBXFileReference; lastKnownFileType = sourcecode.swift; path = CustomError.swift; sourceTree = "<group>"; };
		2DB7077C24D98825003B2151 /* UserModel.swift */ = {isa = PBXFileReference; lastKnownFileType = sourcecode.swift; path = UserModel.swift; sourceTree = "<group>"; };
		2DB7077E24D9944F003B2151 /* LoginRepository.swift */ = {isa = PBXFileReference; lastKnownFileType = sourcecode.swift; path = LoginRepository.swift; sourceTree = "<group>"; };
		2DB7078224D9A5A3003B2151 /* LoginUseCase.swift */ = {isa = PBXFileReference; lastKnownFileType = sourcecode.swift; path = LoginUseCase.swift; sourceTree = "<group>"; };
		2DB7078424D9A5BD003B2151 /* LoginUseCaseResponseDelegate.swift */ = {isa = PBXFileReference; lastKnownFileType = sourcecode.swift; path = LoginUseCaseResponseDelegate.swift; sourceTree = "<group>"; };
		2DB7078624D9A5CD003B2151 /* LoginUseCaseDelegate.swift */ = {isa = PBXFileReference; lastKnownFileType = sourcecode.swift; path = LoginUseCaseDelegate.swift; sourceTree = "<group>"; };
		2DD4B67D2528A7F00065B563 /* CustomConsoleLog.swift */ = {isa = PBXFileReference; lastKnownFileType = sourcecode.swift; path = CustomConsoleLog.swift; sourceTree = "<group>"; };
		2DD4B6812528A8770065B563 /* CustomDateUtils.swift */ = {isa = PBXFileReference; lastKnownFileType = sourcecode.swift; path = CustomDateUtils.swift; sourceTree = "<group>"; };
		2DD4B6852528A9AC0065B563 /* SummaryNetworkProtocolRequest.swift */ = {isa = PBXFileReference; lastKnownFileType = sourcecode.swift; path = SummaryNetworkProtocolRequest.swift; sourceTree = "<group>"; };
		2DD4B6882528AA6B0065B563 /* SummaryNetworkRequest.swift */ = {isa = PBXFileReference; lastKnownFileType = sourcecode.swift; path = SummaryNetworkRequest.swift; sourceTree = "<group>"; };
		2DD4B68B2528AACF0065B563 /* SummaryRouter.swift */ = {isa = PBXFileReference; lastKnownFileType = sourcecode.swift; path = SummaryRouter.swift; sourceTree = "<group>"; };
		2DD4B68E2528AE240065B563 /* Summary.swift */ = {isa = PBXFileReference; lastKnownFileType = sourcecode.swift; path = Summary.swift; sourceTree = "<group>"; };
		2DD4B6912528AE490065B563 /* Country.swift */ = {isa = PBXFileReference; lastKnownFileType = sourcecode.swift; path = Country.swift; sourceTree = "<group>"; };
		2DD4B6942528AEC00065B563 /* Global.swift */ = {isa = PBXFileReference; lastKnownFileType = sourcecode.swift; path = Global.swift; sourceTree = "<group>"; };
		2DD4B6982528AFA20065B563 /* SummaryUseCaseResponseDelegate.swift */ = {isa = PBXFileReference; lastKnownFileType = sourcecode.swift; path = SummaryUseCaseResponseDelegate.swift; sourceTree = "<group>"; };
		2DD4B69B2528AFDA0065B563 /* SummaryModel.swift */ = {isa = PBXFileReference; lastKnownFileType = sourcecode.swift; path = SummaryModel.swift; sourceTree = "<group>"; };
		2DD4B69E2528B1D60065B563 /* SummaryUseCaseDelegate.swift */ = {isa = PBXFileReference; lastKnownFileType = sourcecode.swift; path = SummaryUseCaseDelegate.swift; sourceTree = "<group>"; };
		2DD4B6A22528B2B40065B563 /* SummaryRepositoryDelegate.swift */ = {isa = PBXFileReference; lastKnownFileType = sourcecode.swift; path = SummaryRepositoryDelegate.swift; sourceTree = "<group>"; };
		2DD4B6A52528B2BE0065B563 /* SummaryRepository.swift */ = {isa = PBXFileReference; lastKnownFileType = sourcecode.swift; path = SummaryRepository.swift; sourceTree = "<group>"; };
		2DD4B6A92528B4E20065B563 /* SummayModelMapper.swift */ = {isa = PBXFileReference; lastKnownFileType = sourcecode.swift; path = SummayModelMapper.swift; sourceTree = "<group>"; };
		2DD4B6AC2528B9E50065B563 /* MapperAssembly.swift */ = {isa = PBXFileReference; lastKnownFileType = sourcecode.swift; path = MapperAssembly.swift; sourceTree = "<group>"; };
		2DD4B6AF2528BA390065B563 /* SummaryModelMapperDelegate.swift */ = {isa = PBXFileReference; lastKnownFileType = sourcecode.swift; path = SummaryModelMapperDelegate.swift; sourceTree = "<group>"; };
		2DD4B6B22528BB670065B563 /* SummaryUseCase.swift */ = {isa = PBXFileReference; lastKnownFileType = sourcecode.swift; path = SummaryUseCase.swift; sourceTree = "<group>"; };
		2DD6D40D24FBE198008EE378 /* APIConfiguration.swift */ = {isa = PBXFileReference; lastKnownFileType = sourcecode.swift; path = APIConfiguration.swift; sourceTree = "<group>"; };
		2DD6D40F24FBE286008EE378 /* NetworkRequestPerfomer.swift */ = {isa = PBXFileReference; lastKnownFileType = sourcecode.swift; path = NetworkRequestPerfomer.swift; sourceTree = "<group>"; };
		2DD6D41124FBEA4C008EE378 /* NetworkConstant.swift */ = {isa = PBXFileReference; lastKnownFileType = sourcecode.swift; path = NetworkConstant.swift; sourceTree = "<group>"; };
		2DD6D41724FBF01E008EE378 /* Configurations.swift */ = {isa = PBXFileReference; lastKnownFileType = sourcecode.swift; path = Configurations.swift; sourceTree = "<group>"; };
		2DD6D41924FBF068008EE378 /* Config.xcconfig */ = {isa = PBXFileReference; lastKnownFileType = text.xcconfig; path = Config.xcconfig; sourceTree = "<group>"; };
		2DD6D42224FBF3D0008EE378 /* TransactionModel.swift */ = {isa = PBXFileReference; lastKnownFileType = sourcecode.swift; path = TransactionModel.swift; sourceTree = "<group>"; };
		468FC146B1518ECCEC4847ED /* Pods_MVVM_Clean.framework */ = {isa = PBXFileReference; explicitFileType = wrapper.framework; includeInIndex = 0; path = Pods_MVVM_Clean.framework; sourceTree = BUILT_PRODUCTS_DIR; };
		5B4A030BF9347454A47F5AA4 /* Pods_MVVM_CleanTests.framework */ = {isa = PBXFileReference; explicitFileType = wrapper.framework; includeInIndex = 0; path = Pods_MVVM_CleanTests.framework; sourceTree = BUILT_PRODUCTS_DIR; };
		636D264085D29723AEFFE35E /* Pods-MVVM-Clean.debug.xcconfig */ = {isa = PBXFileReference; includeInIndex = 1; lastKnownFileType = text.xcconfig; name = "Pods-MVVM-Clean.debug.xcconfig"; path = "Target Support Files/Pods-MVVM-Clean/Pods-MVVM-Clean.debug.xcconfig"; sourceTree = "<group>"; };
		7B09C92AC809320556A31F08 /* Pods-MVVM-Clean.release.xcconfig */ = {isa = PBXFileReference; includeInIndex = 1; lastKnownFileType = text.xcconfig; name = "Pods-MVVM-Clean.release.xcconfig"; path = "Target Support Files/Pods-MVVM-Clean/Pods-MVVM-Clean.release.xcconfig"; sourceTree = "<group>"; };
		A36EA35A50BD2687ADC6D897 /* Pods-MVVM-CleanTests.release.xcconfig */ = {isa = PBXFileReference; includeInIndex = 1; lastKnownFileType = text.xcconfig; name = "Pods-MVVM-CleanTests.release.xcconfig"; path = "Target Support Files/Pods-MVVM-CleanTests/Pods-MVVM-CleanTests.release.xcconfig"; sourceTree = "<group>"; };
		F8F9EF428E78895B6D682CBD /* Pods-MVVM-CleanTests.debug.xcconfig */ = {isa = PBXFileReference; includeInIndex = 1; lastKnownFileType = text.xcconfig; name = "Pods-MVVM-CleanTests.debug.xcconfig"; path = "Target Support Files/Pods-MVVM-CleanTests/Pods-MVVM-CleanTests.debug.xcconfig"; sourceTree = "<group>"; };
/* End PBXFileReference section */

/* Begin PBXFrameworksBuildPhase section */
		2DB7070B24D94547003B2151 /* Frameworks */ = {
			isa = PBXFrameworksBuildPhase;
			buildActionMask = 2147483647;
			files = (
				AB4B9F3BDAE7DF9B21410C4B /* Pods_MVVM_Clean.framework in Frameworks */,
			);
			runOnlyForDeploymentPostprocessing = 0;
		};
		2DB7072124D9454A003B2151 /* Frameworks */ = {
			isa = PBXFrameworksBuildPhase;
			buildActionMask = 2147483647;
			files = (
				BB0B740F1BFB1EE6B06BCF29 /* Pods_MVVM_CleanTests.framework in Frameworks */,
			);
			runOnlyForDeploymentPostprocessing = 0;
		};
/* End PBXFrameworksBuildPhase section */

/* Begin PBXGroup section */
		12E24E3003149E60720179F6 /* Frameworks */ = {
			isa = PBXGroup;
			children = (
				468FC146B1518ECCEC4847ED /* Pods_MVVM_Clean.framework */,
				5B4A030BF9347454A47F5AA4 /* Pods_MVVM_CleanTests.framework */,
			);
			name = Frameworks;
			sourceTree = "<group>";
		};
		2D0ABD24253EF2B600A89F60 /* SummaryTest */ = {
			isa = PBXGroup;
			children = (
				2D0ABD20253EF27000A89F60 /* SummaryTest.swift */,
				2D0ABD25253EF3FA00A89F60 /* SummaryIntegrationTest.swift */,
				2D0ABD33253EF79400A89F60 /* SummaryDataRequestTest.swift */,
			);
			path = SummaryTest;
			sourceTree = "<group>";
		};
		2D0ABD2B253EF59B00A89F60 /* FilesSupport */ = {
			isa = PBXGroup;
			children = (
				2D0ABD2C253EF5A100A89F60 /* Summary */,
			);
			path = FilesSupport;
			sourceTree = "<group>";
		};
		2D0ABD2C253EF5A100A89F60 /* Summary */ = {
			isa = PBXGroup;
			children = (
				2D0ABD2D253EF5BA00A89F60 /* summary_data.json */,
			);
			path = Summary;
			sourceTree = "<group>";
		};
		2D14A914252CF2CC0056FF76 /* Country */ = {
			isa = PBXGroup;
			children = (
				2D14A915252CF2E60056FF76 /* CountryUseCase.swift */,
				2D14A917252CF2FE0056FF76 /* CountryUseCaseDelegate.swift */,
				2D14A919252CF3280056FF76 /* CountryUseCaseResponseDelegate.swift */,
			);
			path = Country;
			sourceTree = "<group>";
		};
		2D14A91B252CF33E0056FF76 /* Country */ = {
			isa = PBXGroup;
			children = (
				2D14A91C252CF3AC0056FF76 /* CountryRouter.swift */,
				2D14A91E252CF3C40056FF76 /* CountryNetworkProtocolRequest.swift */,
				2D14A920252CF3D00056FF76 /* CountryNetworkRequest.swift */,
			);
			path = Country;
			sourceTree = "<group>";
		};
		2D14A922252D03950056FF76 /* ViewModel */ = {
			isa = PBXGroup;
			children = (
				2D14A923252D03B20056FF76 /* CountryCovidViewModel.swift */,
				2D14A925252D03D00056FF76 /* CountryCovidViewModelInputDelegate.swift */,
				2D14A927252D03FD0056FF76 /* CountryCovidViewModelOutputDelegate.swift */,
			);
			path = ViewModel;
			sourceTree = "<group>";
		};
		2D14A929252D0EC90056FF76 /* Cell */ = {
			isa = PBXGroup;
			children = (
				2D14A92A252D0EDB0056FF76 /* CountryCell.xib */,
				2D14A92C252D0EED0056FF76 /* CountryTableViewCell.swift */,
			);
			path = Cell;
			sourceTree = "<group>";
		};
		2D14B73725290DF80079C7C3 /* Local */ = {
			isa = PBXGroup;
			children = (
				2D1E505B253B02D500D00EC6 /* Profile */,
				2D1DE73E252A6C200039E298 /* Country */,
				2D14B73825290E230079C7C3 /* Summary */,
			);
			path = Local;
			sourceTree = "<group>";
		};
		2D14B73825290E230079C7C3 /* Summary */ = {
			isa = PBXGroup;
			children = (
				2D14B73925290E750079C7C3 /* SummaryLocalProtocolRequest.swift */,
				2D14B73B25290EE20079C7C3 /* SummaryLocalRequest.swift */,
			);
			path = Summary;
			sourceTree = "<group>";
		};
		2D1DE737252A63090039E298 /* Country */ = {
			isa = PBXGroup;
			children = (
				2D1DE738252A632B0039E298 /* CountryModelMapperDelegate.swift */,
				2D1DE73C252A66D20039E298 /* CountryModelMapper.swift */,
			);
			path = Country;
			sourceTree = "<group>";
		};
		2D1DE73E252A6C200039E298 /* Country */ = {
			isa = PBXGroup;
			children = (
				2D1DE73F252A6C340039E298 /* CountryLocalProtocolRequest.swift */,
				2D1DE741252A6C800039E298 /* CountryLocalRequest.swift */,
			);
			path = Country;
			sourceTree = "<group>";
		};
		2D1DE743252A6E3A0039E298 /* Country */ = {
			isa = PBXGroup;
			children = (
				2D1DE744252A6E4D0039E298 /* CountryRepositoryDelegate.swift */,
				2D1DE746252A6F480039E298 /* CountryRepository.swift */,
			);
			path = Country;
			sourceTree = "<group>";
		};
		2D1DE748252A74130039E298 /* Summary */ = {
			isa = PBXGroup;
			children = (
				2D2E0A9424DA0C2C00874A97 /* ViewModel */,
				2D2E0A8724DA03C300874A97 /* ViewControllers */,
			);
			path = Summary;
			sourceTree = "<group>";
		};
		2D1DE749252A74290039E298 /* Country */ = {
			isa = PBXGroup;
			children = (
				2D14A929252D0EC90056FF76 /* Cell */,
				2D14A922252D03950056FF76 /* ViewModel */,
				2D1DE74A252A74340039E298 /* ViewControllers */,
			);
			path = Country;
			sourceTree = "<group>";
		};
		2D1DE74A252A74340039E298 /* ViewControllers */ = {
			isa = PBXGroup;
			children = (
				2D1DE74B252A74660039E298 /* CountryListViewController.swift */,
			);
			path = ViewControllers;
			sourceTree = "<group>";
		};
		2D1E5040253AFD1200D00EC6 /* Profile */ = {
			isa = PBXGroup;
			children = (
				2D1E5042253AFD2500D00EC6 /* ViewContoller */,
				2D1E5041253AFD1D00D00EC6 /* ViewModel */,
			);
			path = Profile;
			sourceTree = "<group>";
		};
		2D1E5041253AFD1D00D00EC6 /* ViewModel */ = {
			isa = PBXGroup;
			children = (
				2D1E5047253AFD5F00D00EC6 /* ProfileViewModel.swift */,
				2D1E504B253AFD9900D00EC6 /* ProfileViewModelOutputDelegate.swift */,
				2D1E504F253AFDA500D00EC6 /* ProfileViewModelInputDelegate.swift */,
			);
			path = ViewModel;
			sourceTree = "<group>";
		};
		2D1E5042253AFD2500D00EC6 /* ViewContoller */ = {
			isa = PBXGroup;
			children = (
				2D1E5043253AFD4600D00EC6 /* ProfileViewController.swift */,
			);
			path = ViewContoller;
			sourceTree = "<group>";
		};
		2D1E505B253B02D500D00EC6 /* Profile */ = {
			isa = PBXGroup;
			children = (
				2D1E505C253B02F300D00EC6 /* ProfileLocalProtocolData.swift */,
				2D1E5062253B030200D00EC6 /* ProfileLocalData.swift */,
			);
			path = Profile;
			sourceTree = "<group>";
		};
		2D2E0A7324D9F2DD00874A97 /* Utility */ = {
			isa = PBXGroup;
			children = (
				2DD4B6802528A8600065B563 /* Date */,
				2DD4B67C2528A7BF0065B563 /* Log */,
				2D2E0A7424D9F2EA00874A97 /* Loadable */,
			);
			path = Utility;
			sourceTree = "<group>";
		};
		2D2E0A7424D9F2EA00874A97 /* Loadable */ = {
			isa = PBXGroup;
			children = (
				2D2E0A7524D9F2F900874A97 /* Loadable.swift */,
				2D2E0A7724D9F3FE00874A97 /* LoadingView.xib */,
				2D2E0A7924D9F46000874A97 /* LoadingView.swift */,
			);
			path = Loadable;
			sourceTree = "<group>";
		};
		2D2E0A8124DA026000874A97 /* Main */ = {
			isa = PBXGroup;
			children = (
				2D2E0A8224DA027000874A97 /* Main.storyboard */,
			);
			path = Main;
			sourceTree = "<group>";
		};
		2D2E0A8624DA03B900874A97 /* Main */ = {
			isa = PBXGroup;
			children = (
				2D1E5040253AFD1200D00EC6 /* Profile */,
				2D1DE749252A74290039E298 /* Country */,
				2D1DE748252A74130039E298 /* Summary */,
			);
			path = Main;
			sourceTree = "<group>";
		};
		2D2E0A8724DA03C300874A97 /* ViewControllers */ = {
			isa = PBXGroup;
			children = (
				2D2E0A8424DA02D400874A97 /* SummaryViewController.swift */,
			);
			path = ViewControllers;
			sourceTree = "<group>";
		};
		2D2E0A8D24DA09BC00874A97 /* Profile */ = {
			isa = PBXGroup;
			children = (
				2D2E0A8E24DA09D100874A97 /* ProfileUseCase.swift */,
				2D2E0A9024DA09E300874A97 /* ProfileUseCaseDelegate.swift */,
				2D2E0A9224DA09FA00874A97 /* ProfileUseCaseResponseDelegate.swift */,
			);
			path = Profile;
			sourceTree = "<group>";
		};
		2D2E0A9424DA0C2C00874A97 /* ViewModel */ = {
			isa = PBXGroup;
			children = (
				2D2E0A9524DA0C3B00874A97 /* SummaryCovidViewModel.swift */,
				2D2E0A9724DA0C8200874A97 /* SummaryCovidViewModelInputDelegate.swift */,
				2D2E0A9924DA0C9C00874A97 /* SummaryCovidViewModelOutputDelegate.swift */,
			);
			path = ViewModel;
			sourceTree = "<group>";
		};
		2DB7070524D94547003B2151 = {
			isa = PBXGroup;
			children = (
				2DB7071024D94547003B2151 /* MVVM-Clean */,
				2DB7072724D9454A003B2151 /* MVVM-CleanTests */,
				2DB7070F24D94547003B2151 /* Products */,
				D1B12B297F22C0BD556F816E /* Pods */,
				12E24E3003149E60720179F6 /* Frameworks */,
			);
			sourceTree = "<group>";
		};
		2DB7070F24D94547003B2151 /* Products */ = {
			isa = PBXGroup;
			children = (
				2DB7070E24D94547003B2151 /* MVVM-Clean.app */,
				2DB7072424D9454A003B2151 /* MVVM-CleanTests.xctest */,
			);
			name = Products;
			sourceTree = "<group>";
		};
		2DB7071024D94547003B2151 /* MVVM-Clean */ = {
			isa = PBXGroup;
			children = (
				2DB7074124D94AF2003B2151 /* AppDelegate */,
				2DB7074C24D94F01003B2151 /* Application */,
				2DB7074224D94BB4003B2151 /* Localization */,
				2DB7073424D94A50003B2151 /* Presentations */,
				2DB7076324D952E5003B2151 /* Data */,
				2DB7075C24D95059003B2151 /* Extensions */,
				2D2E0A7324D9F2DD00874A97 /* Utility */,
				2DB7071A24D9454A003B2151 /* Assets.xcassets */,
				2DB7071C24D9454A003B2151 /* LaunchScreen.storyboard */,
				2DB7071F24D9454A003B2151 /* Info.plist */,
			);
			path = "MVVM-Clean";
			sourceTree = "<group>";
		};
		2DB7072724D9454A003B2151 /* MVVM-CleanTests */ = {
			isa = PBXGroup;
			children = (
				2D0ABD2B253EF59B00A89F60 /* FilesSupport */,
				2D0ABD24253EF2B600A89F60 /* SummaryTest */,
				2DB7072824D9454A003B2151 /* MVVM_CleanTests.swift */,
				2DB7072A24D9454A003B2151 /* Info.plist */,
			);
			path = "MVVM-CleanTests";
			sourceTree = "<group>";
		};
		2DB7073324D94A3E003B2151 /* UI */ = {
			isa = PBXGroup;
			children = (
				2D2E0A8624DA03B900874A97 /* Main */,
				2DB7073E24D94ACE003B2151 /* Splash */,
				2DB7073824D94A75003B2151 /* Authentication */,
				2D2E0A7D24D9F69000874A97 /* BaseViewController.swift */,
			);
			path = UI;
			sourceTree = "<group>";
		};
		2DB7073424D94A50003B2151 /* Presentations */ = {
			isa = PBXGroup;
			children = (
				2DB7074B24D94EB8003B2151 /* Storyboard */,
				2DB7073324D94A3E003B2151 /* UI */,
			);
			path = Presentations;
			sourceTree = "<group>";
		};
		2DB7073524D94A59003B2151 /* Authentication */ = {
			isa = PBXGroup;
			children = (
				2DB7073624D94A67003B2151 /* Auth.storyboard */,
			);
			path = Authentication;
			sourceTree = "<group>";
		};
		2DB7073824D94A75003B2151 /* Authentication */ = {
			isa = PBXGroup;
			children = (
				2DB7076024D9522D003B2151 /* ViewModel */,
				2DB7075F24D95215003B2151 /* ViewControllers */,
			);
			path = Authentication;
			sourceTree = "<group>";
		};
		2DB7073B24D94AC0003B2151 /* Splash */ = {
			isa = PBXGroup;
			children = (
				2DB7073C24D94ACB003B2151 /* Splash.storyboard */,
			);
			path = Splash;
			sourceTree = "<group>";
		};
		2DB7073E24D94ACE003B2151 /* Splash */ = {
			isa = PBXGroup;
			children = (
				2DB7077124D9773B003B2151 /* ViewControllers */,
				2DB7076C24D95EA8003B2151 /* ViewModel */,
			);
			path = Splash;
			sourceTree = "<group>";
		};
		2DB7074124D94AF2003B2151 /* AppDelegate */ = {
			isa = PBXGroup;
			children = (
				2DB7071124D94548003B2151 /* AppDelegate.swift */,
				2DB7071324D94548003B2151 /* SceneDelegate.swift */,
			);
			path = AppDelegate;
			sourceTree = "<group>";
		};
		2DB7074224D94BB4003B2151 /* Localization */ = {
			isa = PBXGroup;
			children = (
				2DB7074824D94C97003B2151 /* Localizable.strings */,
			);
			path = Localization;
			sourceTree = "<group>";
		};
		2DB7074B24D94EB8003B2151 /* Storyboard */ = {
			isa = PBXGroup;
			children = (
				2D2E0A8124DA026000874A97 /* Main */,
				2DB7073B24D94AC0003B2151 /* Splash */,
				2DB7073524D94A59003B2151 /* Authentication */,
			);
			path = Storyboard;
			sourceTree = "<group>";
		};
		2DB7074C24D94F01003B2151 /* Application */ = {
			isa = PBXGroup;
			children = (
				2DD6D41624FBF004008EE378 /* Configurations */,
				2DB7074D24D94F07003B2151 /* DI */,
			);
			path = Application;
			sourceTree = "<group>";
		};
		2DB7074D24D94F07003B2151 /* DI */ = {
			isa = PBXGroup;
			children = (
				2DB7074E24D94F14003B2151 /* Extensions */,
				2DB7075424D94F90003B2151 /* ViewControllerAssembly.swift */,
				2DB7075624D94F9A003B2151 /* ViewModelAssembly.swift */,
				2DB7075824D94FA6003B2151 /* RepositoryAssembly.swift */,
				2DB7075A24D94FAF003B2151 /* UseCaseAssembly.swift */,
				2DD4B6AC2528B9E50065B563 /* MapperAssembly.swift */,
				2D14B73D252911AB0079C7C3 /* NetworkAssembly.swift */,
				2D14B73F2529122D0079C7C3 /* PersistenceAssembly.swift */,
			);
			path = DI;
			sourceTree = "<group>";
		};
		2DB7074E24D94F14003B2151 /* Extensions */ = {
			isa = PBXGroup;
			children = (
				2DB7074F24D94F26003B2151 /* Assembler+Extensions.swift */,
			);
			path = Extensions;
			sourceTree = "<group>";
		};
		2DB7075C24D95059003B2151 /* Extensions */ = {
			isa = PBXGroup;
			children = (
				2DB7075D24D95070003B2151 /* UIStoryboad+Extensions.swift */,
				2D2E0A7124D9F0AB00874A97 /* UIViewController+Extensions.swift */,
				2D2E0A7B24D9F5E900874A97 /* UIView+Extensions.swift */,
				2D2E0A7F24D9FA1500874A97 /* String+Extensions.swift */,
			);
			path = Extensions;
			sourceTree = "<group>";
		};
		2DB7075F24D95215003B2151 /* ViewControllers */ = {
			isa = PBXGroup;
			children = (
				2DB7073924D94A8E003B2151 /* LoginViewController.swift */,
			);
			path = ViewControllers;
			sourceTree = "<group>";
		};
		2DB7076024D9522D003B2151 /* ViewModel */ = {
			isa = PBXGroup;
			children = (
				2DB7076124D9523F003B2151 /* LoginViewModel.swift */,
				2DB7077224D97DD6003B2151 /* LoginViewModelInputDelegate.swift */,
				2DB7077424D97DE3003B2151 /* LoginViewModelOutputDelegate.swift */,
			);
			path = ViewModel;
			sourceTree = "<group>";
		};
		2DB7076324D952E5003B2151 /* Data */ = {
			isa = PBXGroup;
			children = (
				2D14B73725290DF80079C7C3 /* Local */,
				2DD6D40024FBDCFA008EE378 /* Network */,
				2DB7078024D9A578003B2151 /* UseCases */,
				2DB7077924D987E7003B2151 /* Models */,
				2DB7076424D952EB003B2151 /* Repositories */,
			);
			path = Data;
			sourceTree = "<group>";
		};
		2DB7076424D952EB003B2151 /* Repositories */ = {
			isa = PBXGroup;
			children = (
				2D1DE743252A6E3A0039E298 /* Country */,
				2DD4B6A12528B2990065B563 /* Summary */,
				2DB7077624D98734003B2151 /* Login */,
				2DB7076524D952F6003B2151 /* Profile */,
			);
			path = Repositories;
			sourceTree = "<group>";
		};
		2DB7076524D952F6003B2151 /* Profile */ = {
			isa = PBXGroup;
			children = (
				2DB7076624D95307003B2151 /* ProfileRepositoryDelegate.swift */,
				2DB7076824D95547003B2151 /* ProfileRepository.swift */,
			);
			path = Profile;
			sourceTree = "<group>";
		};
		2DB7076C24D95EA8003B2151 /* ViewModel */ = {
			isa = PBXGroup;
			children = (
				2DB7076A24D95E47003B2151 /* SplashScreenViewModel.swift */,
				2DB7076D24D95EC9003B2151 /* SplashScreenViewModelInputDelegate.swift */,
				2DB7076F24D95ED7003B2151 /* SplashScreenViewModelOutputDelegate.swift */,
			);
			path = ViewModel;
			sourceTree = "<group>";
		};
		2DB7077124D9773B003B2151 /* ViewControllers */ = {
			isa = PBXGroup;
			children = (
				2DB7073F24D94ADB003B2151 /* SplashViewController.swift */,
			);
			path = ViewControllers;
			sourceTree = "<group>";
		};
		2DB7077624D98734003B2151 /* Login */ = {
			isa = PBXGroup;
			children = (
				2DB7077724D98743003B2151 /* LoginRepositoryDelegate.swift */,
				2DB7077E24D9944F003B2151 /* LoginRepository.swift */,
			);
			path = Login;
			sourceTree = "<group>";
		};
		2DB7077924D987E7003B2151 /* Models */ = {
			isa = PBXGroup;
			children = (
				2DB7077A24D987F6003B2151 /* CustomError.swift */,
				2DB7077C24D98825003B2151 /* UserModel.swift */,
				2DD6D42224FBF3D0008EE378 /* TransactionModel.swift */,
				2DD4B69B2528AFDA0065B563 /* SummaryModel.swift */,
				2D1DE73A252A637E0039E298 /* CountryModel.swift */,
			);
			path = Models;
			sourceTree = "<group>";
		};
		2DB7078024D9A578003B2151 /* UseCases */ = {
			isa = PBXGroup;
			children = (
				2D14A914252CF2CC0056FF76 /* Country */,
				2DD4B6972528AF770065B563 /* Summary */,
				2D2E0A8D24DA09BC00874A97 /* Profile */,
				2DB7078124D9A57D003B2151 /* Login */,
			);
			path = UseCases;
			sourceTree = "<group>";
		};
		2DB7078124D9A57D003B2151 /* Login */ = {
			isa = PBXGroup;
			children = (
				2DB7078224D9A5A3003B2151 /* LoginUseCase.swift */,
				2DB7078424D9A5BD003B2151 /* LoginUseCaseResponseDelegate.swift */,
				2DB7078624D9A5CD003B2151 /* LoginUseCaseDelegate.swift */,
			);
			path = Login;
			sourceTree = "<group>";
		};
		2DD4B67C2528A7BF0065B563 /* Log */ = {
			isa = PBXGroup;
			children = (
				2DD4B67D2528A7F00065B563 /* CustomConsoleLog.swift */,
			);
			path = Log;
			sourceTree = "<group>";
		};
		2DD4B6802528A8600065B563 /* Date */ = {
			isa = PBXGroup;
			children = (
				2DD4B6812528A8770065B563 /* CustomDateUtils.swift */,
			);
			path = Date;
			sourceTree = "<group>";
		};
		2DD4B6842528A96C0065B563 /* Summary */ = {
			isa = PBXGroup;
			children = (
				2DD4B6852528A9AC0065B563 /* SummaryNetworkProtocolRequest.swift */,
				2DD4B6882528AA6B0065B563 /* SummaryNetworkRequest.swift */,
				2DD4B68B2528AACF0065B563 /* SummaryRouter.swift */,
			);
			path = Summary;
			sourceTree = "<group>";
		};
		2DD4B6972528AF770065B563 /* Summary */ = {
			isa = PBXGroup;
			children = (
				2DD4B6982528AFA20065B563 /* SummaryUseCaseResponseDelegate.swift */,
				2DD4B69E2528B1D60065B563 /* SummaryUseCaseDelegate.swift */,
				2DD4B6B22528BB670065B563 /* SummaryUseCase.swift */,
			);
			path = Summary;
			sourceTree = "<group>";
		};
		2DD4B6A12528B2990065B563 /* Summary */ = {
			isa = PBXGroup;
			children = (
				2DD4B6A22528B2B40065B563 /* SummaryRepositoryDelegate.swift */,
				2DD4B6A52528B2BE0065B563 /* SummaryRepository.swift */,
			);
			path = Summary;
			sourceTree = "<group>";
		};
		2DD4B6A82528B4C00065B563 /* Summary */ = {
			isa = PBXGroup;
			children = (
				2DD4B6A92528B4E20065B563 /* SummayModelMapper.swift */,
				2DD4B6AF2528BA390065B563 /* SummaryModelMapperDelegate.swift */,
			);
			path = Summary;
			sourceTree = "<group>";
		};
		2DD6D40024FBDCFA008EE378 /* Network */ = {
			isa = PBXGroup;
			children = (
				2DD6D41E24FBF307008EE378 /* Mappers */,
				2DD6D40B24FBE15D008EE378 /* Providers */,
				2DD6D40124FBDD04008EE378 /* DTO */,
			);
			path = Network;
			sourceTree = "<group>";
		};
		2DD6D40124FBDD04008EE378 /* DTO */ = {
			isa = PBXGroup;
			children = (
				2DD4B68E2528AE240065B563 /* Summary.swift */,
				2DD4B6912528AE490065B563 /* Country.swift */,
				2DD4B6942528AEC00065B563 /* Global.swift */,
			);
			path = DTO;
			sourceTree = "<group>";
		};
		2DD6D40B24FBE15D008EE378 /* Providers */ = {
			isa = PBXGroup;
			children = (
				2D14A91B252CF33E0056FF76 /* Country */,
				2DD4B6842528A96C0065B563 /* Summary */,
				2DD6D40C24FBE16C008EE378 /* MainProviders */,
			);
			path = Providers;
			sourceTree = "<group>";
		};
		2DD6D40C24FBE16C008EE378 /* MainProviders */ = {
			isa = PBXGroup;
			children = (
				2DD6D40D24FBE198008EE378 /* APIConfiguration.swift */,
				2DD6D40F24FBE286008EE378 /* NetworkRequestPerfomer.swift */,
				2DD6D41124FBEA4C008EE378 /* NetworkConstant.swift */,
			);
			path = MainProviders;
			sourceTree = "<group>";
		};
		2DD6D41624FBF004008EE378 /* Configurations */ = {
			isa = PBXGroup;
			children = (
				2DD6D41724FBF01E008EE378 /* Configurations.swift */,
				2DD6D41924FBF068008EE378 /* Config.xcconfig */,
			);
			path = Configurations;
			sourceTree = "<group>";
		};
		2DD6D41E24FBF307008EE378 /* Mappers */ = {
			isa = PBXGroup;
			children = (
				2D1DE737252A63090039E298 /* Country */,
				2DD4B6A82528B4C00065B563 /* Summary */,
			);
			path = Mappers;
			sourceTree = "<group>";
		};
		D1B12B297F22C0BD556F816E /* Pods */ = {
			isa = PBXGroup;
			children = (
				636D264085D29723AEFFE35E /* Pods-MVVM-Clean.debug.xcconfig */,
				7B09C92AC809320556A31F08 /* Pods-MVVM-Clean.release.xcconfig */,
				F8F9EF428E78895B6D682CBD /* Pods-MVVM-CleanTests.debug.xcconfig */,
				A36EA35A50BD2687ADC6D897 /* Pods-MVVM-CleanTests.release.xcconfig */,
			);
			path = Pods;
			sourceTree = "<group>";
		};
/* End PBXGroup section */

/* Begin PBXNativeTarget section */
		2DB7070D24D94547003B2151 /* MVVM-Clean */ = {
			isa = PBXNativeTarget;
			buildConfigurationList = 2DB7072D24D9454A003B2151 /* Build configuration list for PBXNativeTarget "MVVM-Clean" */;
			buildPhases = (
				84057F68494FD013457FABB3 /* [CP] Check Pods Manifest.lock */,
				2DB7070A24D94547003B2151 /* Sources */,
				2DB7070B24D94547003B2151 /* Frameworks */,
				2DB7070C24D94547003B2151 /* Resources */,
				15EFE9935EB4D8B8746FCD0F /* [CP] Embed Pods Frameworks */,
			);
			buildRules = (
			);
			dependencies = (
			);
			name = "MVVM-Clean";
			productName = "MVVM-Clean";
			productReference = 2DB7070E24D94547003B2151 /* MVVM-Clean.app */;
			productType = "com.apple.product-type.application";
		};
		2DB7072324D9454A003B2151 /* MVVM-CleanTests */ = {
			isa = PBXNativeTarget;
			buildConfigurationList = 2DB7073024D9454A003B2151 /* Build configuration list for PBXNativeTarget "MVVM-CleanTests" */;
			buildPhases = (
				97ED19501C76A73AB2D5CD63 /* [CP] Check Pods Manifest.lock */,
				2DB7072024D9454A003B2151 /* Sources */,
				2DB7072124D9454A003B2151 /* Frameworks */,
				2DB7072224D9454A003B2151 /* Resources */,
			);
			buildRules = (
			);
			dependencies = (
				2DB7072624D9454A003B2151 /* PBXTargetDependency */,
			);
			name = "MVVM-CleanTests";
			productName = "MVVM-CleanTests";
			productReference = 2DB7072424D9454A003B2151 /* MVVM-CleanTests.xctest */;
			productType = "com.apple.product-type.bundle.unit-test";
		};
/* End PBXNativeTarget section */

/* Begin PBXProject section */
		2DB7070624D94547003B2151 /* Project object */ = {
			isa = PBXProject;
			attributes = {
				LastSwiftUpdateCheck = 1140;
				LastUpgradeCheck = 1140;
				ORGANIZATIONNAME = "Alessandro Marcon";
				TargetAttributes = {
					2DB7070D24D94547003B2151 = {
						CreatedOnToolsVersion = 11.4.1;
					};
					2DB7072324D9454A003B2151 = {
						CreatedOnToolsVersion = 11.4.1;
						TestTargetID = 2DB7070D24D94547003B2151;
					};
				};
			};
			buildConfigurationList = 2DB7070924D94547003B2151 /* Build configuration list for PBXProject "MVVM-Clean" */;
			compatibilityVersion = "Xcode 9.3";
			developmentRegion = en;
			hasScannedForEncodings = 0;
			knownRegions = (
				en,
				Base,
				it,
			);
			mainGroup = 2DB7070524D94547003B2151;
			productRefGroup = 2DB7070F24D94547003B2151 /* Products */;
			projectDirPath = "";
			projectRoot = "";
			targets = (
				2DB7070D24D94547003B2151 /* MVVM-Clean */,
				2DB7072324D9454A003B2151 /* MVVM-CleanTests */,
			);
		};
/* End PBXProject section */

/* Begin PBXResourcesBuildPhase section */
		2DB7070C24D94547003B2151 /* Resources */ = {
			isa = PBXResourcesBuildPhase;
			buildActionMask = 2147483647;
			files = (
				2D2E0A8324DA027000874A97 /* Main.storyboard in Resources */,
				2DB7074624D94C97003B2151 /* Localizable.strings in Resources */,
				2DB7073724D94A67003B2151 /* Auth.storyboard in Resources */,
				2DB7071E24D9454A003B2151 /* LaunchScreen.storyboard in Resources */,
				2D14A92B252D0EDB0056FF76 /* CountryCell.xib in Resources */,
				2D2E0A7824D9F3FE00874A97 /* LoadingView.xib in Resources */,
				2DB7071B24D9454A003B2151 /* Assets.xcassets in Resources */,
				2D0ABD37253EF79800A89F60 /* summary_data.json in Resources */,
				2DB7073D24D94ACB003B2151 /* Splash.storyboard in Resources */,
			);
			runOnlyForDeploymentPostprocessing = 0;
		};
		2DB7072224D9454A003B2151 /* Resources */ = {
			isa = PBXResourcesBuildPhase;
			buildActionMask = 2147483647;
			files = (
			);
			runOnlyForDeploymentPostprocessing = 0;
		};
/* End PBXResourcesBuildPhase section */

/* Begin PBXShellScriptBuildPhase section */
		15EFE9935EB4D8B8746FCD0F /* [CP] Embed Pods Frameworks */ = {
			isa = PBXShellScriptBuildPhase;
			buildActionMask = 2147483647;
			files = (
			);
			inputFileListPaths = (
				"${PODS_ROOT}/Target Support Files/Pods-MVVM-Clean/Pods-MVVM-Clean-frameworks-${CONFIGURATION}-input-files.xcfilelist",
			);
			name = "[CP] Embed Pods Frameworks";
			outputFileListPaths = (
				"${PODS_ROOT}/Target Support Files/Pods-MVVM-Clean/Pods-MVVM-Clean-frameworks-${CONFIGURATION}-output-files.xcfilelist",
			);
			runOnlyForDeploymentPostprocessing = 0;
			shellPath = /bin/sh;
			shellScript = "\"${PODS_ROOT}/Target Support Files/Pods-MVVM-Clean/Pods-MVVM-Clean-frameworks.sh\"\n";
			showEnvVarsInLog = 0;
		};
		84057F68494FD013457FABB3 /* [CP] Check Pods Manifest.lock */ = {
			isa = PBXShellScriptBuildPhase;
			buildActionMask = 2147483647;
			files = (
			);
			inputFileListPaths = (
			);
			inputPaths = (
				"${PODS_PODFILE_DIR_PATH}/Podfile.lock",
				"${PODS_ROOT}/Manifest.lock",
			);
			name = "[CP] Check Pods Manifest.lock";
			outputFileListPaths = (
			);
			outputPaths = (
				"$(DERIVED_FILE_DIR)/Pods-MVVM-Clean-checkManifestLockResult.txt",
			);
			runOnlyForDeploymentPostprocessing = 0;
			shellPath = /bin/sh;
			shellScript = "diff \"${PODS_PODFILE_DIR_PATH}/Podfile.lock\" \"${PODS_ROOT}/Manifest.lock\" > /dev/null\nif [ $? != 0 ] ; then\n    # print error to STDERR\n    echo \"error: The sandbox is not in sync with the Podfile.lock. Run 'pod install' or update your CocoaPods installation.\" >&2\n    exit 1\nfi\n# This output is used by Xcode 'outputs' to avoid re-running this script phase.\necho \"SUCCESS\" > \"${SCRIPT_OUTPUT_FILE_0}\"\n";
			showEnvVarsInLog = 0;
		};
		97ED19501C76A73AB2D5CD63 /* [CP] Check Pods Manifest.lock */ = {
			isa = PBXShellScriptBuildPhase;
			buildActionMask = 2147483647;
			files = (
			);
			inputFileListPaths = (
			);
			inputPaths = (
				"${PODS_PODFILE_DIR_PATH}/Podfile.lock",
				"${PODS_ROOT}/Manifest.lock",
			);
			name = "[CP] Check Pods Manifest.lock";
			outputFileListPaths = (
			);
			outputPaths = (
				"$(DERIVED_FILE_DIR)/Pods-MVVM-CleanTests-checkManifestLockResult.txt",
			);
			runOnlyForDeploymentPostprocessing = 0;
			shellPath = /bin/sh;
			shellScript = "diff \"${PODS_PODFILE_DIR_PATH}/Podfile.lock\" \"${PODS_ROOT}/Manifest.lock\" > /dev/null\nif [ $? != 0 ] ; then\n    # print error to STDERR\n    echo \"error: The sandbox is not in sync with the Podfile.lock. Run 'pod install' or update your CocoaPods installation.\" >&2\n    exit 1\nfi\n# This output is used by Xcode 'outputs' to avoid re-running this script phase.\necho \"SUCCESS\" > \"${SCRIPT_OUTPUT_FILE_0}\"\n";
			showEnvVarsInLog = 0;
		};
/* End PBXShellScriptBuildPhase section */

/* Begin PBXSourcesBuildPhase section */
		2DB7070A24D94547003B2151 /* Sources */ = {
			isa = PBXSourcesBuildPhase;
			buildActionMask = 2147483647;
			files = (
				2D14A91A252CF3280056FF76 /* CountryUseCaseResponseDelegate.swift in Sources */,
				2DB7073A24D94A8E003B2151 /* LoginViewController.swift in Sources */,
				2DB7078724D9A5CD003B2151 /* LoginUseCaseDelegate.swift in Sources */,
				2D2E0A9824DA0C8200874A97 /* SummaryCovidViewModelInputDelegate.swift in Sources */,
				2D1DE73D252A66D20039E298 /* CountryModelMapper.swift in Sources */,
				2D14A921252CF3D00056FF76 /* CountryNetworkRequest.swift in Sources */,
				2D14B73A25290E750079C7C3 /* SummaryLocalProtocolRequest.swift in Sources */,
				2D2E0A7224D9F0AB00874A97 /* UIViewController+Extensions.swift in Sources */,
				2DB7077D24D98825003B2151 /* UserModel.swift in Sources */,
				2D2E0A9624DA0C3B00874A97 /* SummaryCovidViewModel.swift in Sources */,
				2DB7076924D95547003B2151 /* ProfileRepository.swift in Sources */,
				2DD4B69F2528B1D60065B563 /* SummaryUseCaseDelegate.swift in Sources */,
				2DD4B6952528AEC00065B563 /* Global.swift in Sources */,
				2D14B73E252911AB0079C7C3 /* NetworkAssembly.swift in Sources */,
				2D1DE742252A6C800039E298 /* CountryLocalRequest.swift in Sources */,
				2D2E0A7E24D9F69000874A97 /* BaseViewController.swift in Sources */,
				2D14A918252CF2FE0056FF76 /* CountryUseCaseDelegate.swift in Sources */,
				2D2E0A9A24DA0C9C00874A97 /* SummaryCovidViewModelOutputDelegate.swift in Sources */,
				2DD4B6B02528BA390065B563 /* SummaryModelMapperDelegate.swift in Sources */,
				2DD4B6822528A8770065B563 /* CustomDateUtils.swift in Sources */,
				2D2E0A7A24D9F46000874A97 /* LoadingView.swift in Sources */,
				2DD4B68F2528AE240065B563 /* Summary.swift in Sources */,
				2D2E0A8F24DA09D100874A97 /* ProfileUseCase.swift in Sources */,
				2D14A924252D03B20056FF76 /* CountryCovidViewModel.swift in Sources */,
				2DB7071224D94548003B2151 /* AppDelegate.swift in Sources */,
				2DB7076224D9523F003B2151 /* LoginViewModel.swift in Sources */,
				2DD6D41824FBF01E008EE378 /* Configurations.swift in Sources */,
				2DB7075724D94F9A003B2151 /* ViewModelAssembly.swift in Sources */,
				2DB7077B24D987F6003B2151 /* CustomError.swift in Sources */,
				2DB7077F24D9944F003B2151 /* LoginRepository.swift in Sources */,
				2D14A91D252CF3AC0056FF76 /* CountryRouter.swift in Sources */,
				2DB7075E24D95070003B2151 /* UIStoryboad+Extensions.swift in Sources */,
				2D1DE747252A6F480039E298 /* CountryRepository.swift in Sources */,
				2DB7077524D97DE3003B2151 /* LoginViewModelOutputDelegate.swift in Sources */,
				2DD4B6AD2528B9E50065B563 /* MapperAssembly.swift in Sources */,
				2D1DE739252A632B0039E298 /* CountryModelMapperDelegate.swift in Sources */,
				2D14B7402529122D0079C7C3 /* PersistenceAssembly.swift in Sources */,
				2DD4B6B32528BB670065B563 /* SummaryUseCase.swift in Sources */,
				2D2E0A9124DA09E300874A97 /* ProfileUseCaseDelegate.swift in Sources */,
				2D1E5044253AFD4600D00EC6 /* ProfileViewController.swift in Sources */,
				2DD6D42324FBF3D0008EE378 /* TransactionModel.swift in Sources */,
				2DD4B6AA2528B4E20065B563 /* SummayModelMapper.swift in Sources */,
				2DB7077824D98743003B2151 /* LoginRepositoryDelegate.swift in Sources */,
				2D1DE73B252A637E0039E298 /* CountryModel.swift in Sources */,
				2DB7075924D94FA6003B2151 /* RepositoryAssembly.swift in Sources */,
				2DB7077024D95ED7003B2151 /* SplashScreenViewModelOutputDelegate.swift in Sources */,
				2DB7075524D94F90003B2151 /* ViewControllerAssembly.swift in Sources */,
				2DD4B6862528A9AC0065B563 /* SummaryNetworkProtocolRequest.swift in Sources */,
				2DD6D40E24FBE198008EE378 /* APIConfiguration.swift in Sources */,
				2DB7071424D94548003B2151 /* SceneDelegate.swift in Sources */,
				2DB7074024D94ADB003B2151 /* SplashViewController.swift in Sources */,
				2D1DE74C252A74660039E298 /* CountryListViewController.swift in Sources */,
				2DB7076724D95307003B2151 /* ProfileRepositoryDelegate.swift in Sources */,
				2D14A916252CF2E60056FF76 /* CountryUseCase.swift in Sources */,
				2DD6D41024FBE286008EE378 /* NetworkRequestPerfomer.swift in Sources */,
				2DD4B6992528AFA20065B563 /* SummaryUseCaseResponseDelegate.swift in Sources */,
				2D2E0A9324DA09FA00874A97 /* ProfileUseCaseResponseDelegate.swift in Sources */,
				2DB7076B24D95E47003B2151 /* SplashScreenViewModel.swift in Sources */,
				2D2E0A7624D9F2F900874A97 /* Loadable.swift in Sources */,
				2D1E5048253AFD5F00D00EC6 /* ProfileViewModel.swift in Sources */,
				2D2E0A8524DA02D400874A97 /* SummaryViewController.swift in Sources */,
				2DB7078324D9A5A3003B2151 /* LoginUseCase.swift in Sources */,
				2D2E0A7C24D9F5E900874A97 /* UIView+Extensions.swift in Sources */,
				2D1DE745252A6E4D0039E298 /* CountryRepositoryDelegate.swift in Sources */,
				2D14A926252D03D00056FF76 /* CountryCovidViewModelInputDelegate.swift in Sources */,
				2DD4B6A62528B2BE0065B563 /* SummaryRepository.swift in Sources */,
				2DB7076E24D95EC9003B2151 /* SplashScreenViewModelInputDelegate.swift in Sources */,
				2DD4B6922528AE490065B563 /* Country.swift in Sources */,
				2D1E505D253B02F300D00EC6 /* ProfileLocalProtocolData.swift in Sources */,
				2DD4B68C2528AACF0065B563 /* SummaryRouter.swift in Sources */,
				2D0ABD34253EF79400A89F60 /* SummaryDataRequestTest.swift in Sources */,
				2DD4B6A32528B2B40065B563 /* SummaryRepositoryDelegate.swift in Sources */,
				2D1E504C253AFD9900D00EC6 /* ProfileViewModelOutputDelegate.swift in Sources */,
				2DB7075B24D94FAF003B2151 /* UseCaseAssembly.swift in Sources */,
				2DD4B6892528AA6B0065B563 /* SummaryNetworkRequest.swift in Sources */,
				2DB7078524D9A5BD003B2151 /* LoginUseCaseResponseDelegate.swift in Sources */,
				2D14A92D252D0EED0056FF76 /* CountryTableViewCell.swift in Sources */,
				2D2E0A8024D9FA1500874A97 /* String+Extensions.swift in Sources */,
				2DB7075024D94F26003B2151 /* Assembler+Extensions.swift in Sources */,
				2D1E5050253AFDA500D00EC6 /* ProfileViewModelInputDelegate.swift in Sources */,
				2DD6D41224FBEA4C008EE378 /* NetworkConstant.swift in Sources */,
				2D14B73C25290EE20079C7C3 /* SummaryLocalRequest.swift in Sources */,
				2DB7077324D97DD6003B2151 /* LoginViewModelInputDelegate.swift in Sources */,
				2DD4B69C2528AFDA0065B563 /* SummaryModel.swift in Sources */,
				2DD4B67E2528A7F00065B563 /* CustomConsoleLog.swift in Sources */,
				2D14A928252D03FD0056FF76 /* CountryCovidViewModelOutputDelegate.swift in Sources */,
				2D1DE740252A6C340039E298 /* CountryLocalProtocolRequest.swift in Sources */,
				2D14A91F252CF3C40056FF76 /* CountryNetworkProtocolRequest.swift in Sources */,
				2D1E5063253B030200D00EC6 /* ProfileLocalData.swift in Sources */,
			);
			runOnlyForDeploymentPostprocessing = 0;
		};
		2DB7072024D9454A003B2151 /* Sources */ = {
			isa = PBXSourcesBuildPhase;
			buildActionMask = 2147483647;
			files = (
				2DD4B6932528AE490065B563 /* Country.swift in Sources */,
				2DB7072924D9454A003B2151 /* MVVM_CleanTests.swift in Sources */,
				2DD4B6902528AE240065B563 /* Summary.swift in Sources */,
				2D0ABD21253EF27000A89F60 /* SummaryTest.swift in Sources */,
				2DD4B6962528AEC00065B563 /* Global.swift in Sources */,
				2D0ABD26253EF3FA00A89F60 /* SummaryIntegrationTest.swift in Sources */,
			);
			runOnlyForDeploymentPostprocessing = 0;
		};
/* End PBXSourcesBuildPhase section */

/* Begin PBXTargetDependency section */
		2DB7072624D9454A003B2151 /* PBXTargetDependency */ = {
			isa = PBXTargetDependency;
			target = 2DB7070D24D94547003B2151 /* MVVM-Clean */;
			targetProxy = 2DB7072524D9454A003B2151 /* PBXContainerItemProxy */;
		};
/* End PBXTargetDependency section */

/* Begin PBXVariantGroup section */
		2DB7071C24D9454A003B2151 /* LaunchScreen.storyboard */ = {
			isa = PBXVariantGroup;
			children = (
				2DB7071D24D9454A003B2151 /* Base */,
			);
			name = LaunchScreen.storyboard;
			sourceTree = "<group>";
		};
		2DB7074824D94C97003B2151 /* Localizable.strings */ = {
			isa = PBXVariantGroup;
			children = (
				2DB7074924D94C9A003B2151 /* en */,
				2DB7074A24D94CCB003B2151 /* it */,
			);
			name = Localizable.strings;
			sourceTree = "<group>";
		};
/* End PBXVariantGroup section */

/* Begin XCBuildConfiguration section */
		2DB7072B24D9454A003B2151 /* Debug */ = {
			isa = XCBuildConfiguration;
			baseConfigurationReference = 2DD6D41924FBF068008EE378 /* Config.xcconfig */;
			buildSettings = {
				ALWAYS_SEARCH_USER_PATHS = NO;
				CLANG_ANALYZER_LOCALIZABILITY_NONLOCALIZED = YES;
				CLANG_ANALYZER_NONNULL = YES;
				CLANG_ANALYZER_NUMBER_OBJECT_CONVERSION = YES_AGGRESSIVE;
				CLANG_CXX_LANGUAGE_STANDARD = "gnu++14";
				CLANG_CXX_LIBRARY = "libc++";
				CLANG_ENABLE_MODULES = YES;
				CLANG_ENABLE_OBJC_ARC = YES;
				CLANG_ENABLE_OBJC_WEAK = YES;
				CLANG_WARN_BLOCK_CAPTURE_AUTORELEASING = YES;
				CLANG_WARN_BOOL_CONVERSION = YES;
				CLANG_WARN_COMMA = YES;
				CLANG_WARN_CONSTANT_CONVERSION = YES;
				CLANG_WARN_DEPRECATED_OBJC_IMPLEMENTATIONS = YES;
				CLANG_WARN_DIRECT_OBJC_ISA_USAGE = YES_ERROR;
				CLANG_WARN_DOCUMENTATION_COMMENTS = YES;
				CLANG_WARN_EMPTY_BODY = YES;
				CLANG_WARN_ENUM_CONVERSION = YES;
				CLANG_WARN_INFINITE_RECURSION = YES;
				CLANG_WARN_INT_CONVERSION = YES;
				CLANG_WARN_NON_LITERAL_NULL_CONVERSION = YES;
				CLANG_WARN_OBJC_IMPLICIT_RETAIN_SELF = YES;
				CLANG_WARN_OBJC_LITERAL_CONVERSION = YES;
				CLANG_WARN_OBJC_ROOT_CLASS = YES_ERROR;
				CLANG_WARN_RANGE_LOOP_ANALYSIS = YES;
				CLANG_WARN_STRICT_PROTOTYPES = YES;
				CLANG_WARN_SUSPICIOUS_MOVE = YES;
				CLANG_WARN_UNGUARDED_AVAILABILITY = YES_AGGRESSIVE;
				CLANG_WARN_UNREACHABLE_CODE = YES;
				CLANG_WARN__DUPLICATE_METHOD_MATCH = YES;
				COPY_PHASE_STRIP = NO;
				DEBUG_INFORMATION_FORMAT = dwarf;
				ENABLE_STRICT_OBJC_MSGSEND = YES;
				ENABLE_TESTABILITY = YES;
				GCC_C_LANGUAGE_STANDARD = gnu11;
				GCC_DYNAMIC_NO_PIC = NO;
				GCC_NO_COMMON_BLOCKS = YES;
				GCC_OPTIMIZATION_LEVEL = 0;
				GCC_PREPROCESSOR_DEFINITIONS = (
					"DEBUG=1",
					"$(inherited)",
				);
				GCC_WARN_64_TO_32_BIT_CONVERSION = YES;
				GCC_WARN_ABOUT_RETURN_TYPE = YES_ERROR;
				GCC_WARN_UNDECLARED_SELECTOR = YES;
				GCC_WARN_UNINITIALIZED_AUTOS = YES_AGGRESSIVE;
				GCC_WARN_UNUSED_FUNCTION = YES;
				GCC_WARN_UNUSED_VARIABLE = YES;
				IPHONEOS_DEPLOYMENT_TARGET = 13.4;
				MTL_ENABLE_DEBUG_INFO = INCLUDE_SOURCE;
				MTL_FAST_MATH = YES;
				ONLY_ACTIVE_ARCH = YES;
				SDKROOT = iphoneos;
				SWIFT_ACTIVE_COMPILATION_CONDITIONS = DEBUG;
				SWIFT_OPTIMIZATION_LEVEL = "-Onone";
			};
			name = Debug;
		};
		2DB7072C24D9454A003B2151 /* Release */ = {
			isa = XCBuildConfiguration;
			baseConfigurationReference = 2DD6D41924FBF068008EE378 /* Config.xcconfig */;
			buildSettings = {
				ALWAYS_SEARCH_USER_PATHS = NO;
				CLANG_ANALYZER_LOCALIZABILITY_NONLOCALIZED = YES;
				CLANG_ANALYZER_NONNULL = YES;
				CLANG_ANALYZER_NUMBER_OBJECT_CONVERSION = YES_AGGRESSIVE;
				CLANG_CXX_LANGUAGE_STANDARD = "gnu++14";
				CLANG_CXX_LIBRARY = "libc++";
				CLANG_ENABLE_MODULES = YES;
				CLANG_ENABLE_OBJC_ARC = YES;
				CLANG_ENABLE_OBJC_WEAK = YES;
				CLANG_WARN_BLOCK_CAPTURE_AUTORELEASING = YES;
				CLANG_WARN_BOOL_CONVERSION = YES;
				CLANG_WARN_COMMA = YES;
				CLANG_WARN_CONSTANT_CONVERSION = YES;
				CLANG_WARN_DEPRECATED_OBJC_IMPLEMENTATIONS = YES;
				CLANG_WARN_DIRECT_OBJC_ISA_USAGE = YES_ERROR;
				CLANG_WARN_DOCUMENTATION_COMMENTS = YES;
				CLANG_WARN_EMPTY_BODY = YES;
				CLANG_WARN_ENUM_CONVERSION = YES;
				CLANG_WARN_INFINITE_RECURSION = YES;
				CLANG_WARN_INT_CONVERSION = YES;
				CLANG_WARN_NON_LITERAL_NULL_CONVERSION = YES;
				CLANG_WARN_OBJC_IMPLICIT_RETAIN_SELF = YES;
				CLANG_WARN_OBJC_LITERAL_CONVERSION = YES;
				CLANG_WARN_OBJC_ROOT_CLASS = YES_ERROR;
				CLANG_WARN_RANGE_LOOP_ANALYSIS = YES;
				CLANG_WARN_STRICT_PROTOTYPES = YES;
				CLANG_WARN_SUSPICIOUS_MOVE = YES;
				CLANG_WARN_UNGUARDED_AVAILABILITY = YES_AGGRESSIVE;
				CLANG_WARN_UNREACHABLE_CODE = YES;
				CLANG_WARN__DUPLICATE_METHOD_MATCH = YES;
				COPY_PHASE_STRIP = NO;
				DEBUG_INFORMATION_FORMAT = "dwarf-with-dsym";
				ENABLE_NS_ASSERTIONS = NO;
				ENABLE_STRICT_OBJC_MSGSEND = YES;
				GCC_C_LANGUAGE_STANDARD = gnu11;
				GCC_NO_COMMON_BLOCKS = YES;
				GCC_WARN_64_TO_32_BIT_CONVERSION = YES;
				GCC_WARN_ABOUT_RETURN_TYPE = YES_ERROR;
				GCC_WARN_UNDECLARED_SELECTOR = YES;
				GCC_WARN_UNINITIALIZED_AUTOS = YES_AGGRESSIVE;
				GCC_WARN_UNUSED_FUNCTION = YES;
				GCC_WARN_UNUSED_VARIABLE = YES;
				IPHONEOS_DEPLOYMENT_TARGET = 13.4;
				MTL_ENABLE_DEBUG_INFO = NO;
				MTL_FAST_MATH = YES;
				SDKROOT = iphoneos;
				SWIFT_COMPILATION_MODE = wholemodule;
				SWIFT_OPTIMIZATION_LEVEL = "-O";
				VALIDATE_PRODUCT = YES;
			};
			name = Release;
		};
		2DB7072E24D9454A003B2151 /* Debug */ = {
			isa = XCBuildConfiguration;
			baseConfigurationReference = 636D264085D29723AEFFE35E /* Pods-MVVM-Clean.debug.xcconfig */;
			buildSettings = {
				ASSETCATALOG_COMPILER_APPICON_NAME = AppIcon;
				CODE_SIGN_STYLE = Automatic;
				INFOPLIST_FILE = "MVVM-Clean/Info.plist";
				IPHONEOS_DEPLOYMENT_TARGET = 12.0;
				LD_RUNPATH_SEARCH_PATHS = (
					"$(inherited)",
					"@executable_path/Frameworks",
				);
				PRODUCT_BUNDLE_IDENTIFIER = "com.marcon.MVVM-Clean";
				PRODUCT_NAME = "$(TARGET_NAME)";
				SWIFT_VERSION = 5.0;
				TARGETED_DEVICE_FAMILY = "1,2";
			};
			name = Debug;
		};
		2DB7072F24D9454A003B2151 /* Release */ = {
			isa = XCBuildConfiguration;
			baseConfigurationReference = 7B09C92AC809320556A31F08 /* Pods-MVVM-Clean.release.xcconfig */;
			buildSettings = {
				ASSETCATALOG_COMPILER_APPICON_NAME = AppIcon;
				CODE_SIGN_STYLE = Automatic;
				INFOPLIST_FILE = "MVVM-Clean/Info.plist";
				IPHONEOS_DEPLOYMENT_TARGET = 12.0;
				LD_RUNPATH_SEARCH_PATHS = (
					"$(inherited)",
					"@executable_path/Frameworks",
				);
				PRODUCT_BUNDLE_IDENTIFIER = "com.marcon.MVVM-Clean";
				PRODUCT_NAME = "$(TARGET_NAME)";
				SWIFT_VERSION = 5.0;
				TARGETED_DEVICE_FAMILY = "1,2";
			};
			name = Release;
		};
		2DB7073124D9454A003B2151 /* Debug */ = {
			isa = XCBuildConfiguration;
			baseConfigurationReference = F8F9EF428E78895B6D682CBD /* Pods-MVVM-CleanTests.debug.xcconfig */;
			buildSettings = {
				ALWAYS_EMBED_SWIFT_STANDARD_LIBRARIES = YES;
				BUNDLE_LOADER = "$(TEST_HOST)";
				CODE_SIGN_STYLE = Automatic;
				INFOPLIST_FILE = "MVVM-CleanTests/Info.plist";
				IPHONEOS_DEPLOYMENT_TARGET = 13.4;
				LD_RUNPATH_SEARCH_PATHS = (
					"$(inherited)",
					"@executable_path/Frameworks",
					"@loader_path/Frameworks",
				);
				PRODUCT_BUNDLE_IDENTIFIER = "com.marcon.MVVM-CleanTests";
				PRODUCT_NAME = "$(TARGET_NAME)";
				SWIFT_VERSION = 5.0;
				TARGETED_DEVICE_FAMILY = "1,2";
				TEST_HOST = "$(BUILT_PRODUCTS_DIR)/MVVM-Clean.app/MVVM-Clean";
			};
			name = Debug;
		};
		2DB7073224D9454A003B2151 /* Release */ = {
			isa = XCBuildConfiguration;
			baseConfigurationReference = A36EA35A50BD2687ADC6D897 /* Pods-MVVM-CleanTests.release.xcconfig */;
			buildSettings = {
				ALWAYS_EMBED_SWIFT_STANDARD_LIBRARIES = YES;
				BUNDLE_LOADER = "$(TEST_HOST)";
				CODE_SIGN_STYLE = Automatic;
				INFOPLIST_FILE = "MVVM-CleanTests/Info.plist";
				IPHONEOS_DEPLOYMENT_TARGET = 13.4;
				LD_RUNPATH_SEARCH_PATHS = (
					"$(inherited)",
					"@executable_path/Frameworks",
					"@loader_path/Frameworks",
				);
				PRODUCT_BUNDLE_IDENTIFIER = "com.marcon.MVVM-CleanTests";
				PRODUCT_NAME = "$(TARGET_NAME)";
				SWIFT_VERSION = 5.0;
				TARGETED_DEVICE_FAMILY = "1,2";
				TEST_HOST = "$(BUILT_PRODUCTS_DIR)/MVVM-Clean.app/MVVM-Clean";
			};
			name = Release;
		};
/* End XCBuildConfiguration section */

/* Begin XCConfigurationList section */
		2DB7070924D94547003B2151 /* Build configuration list for PBXProject "MVVM-Clean" */ = {
			isa = XCConfigurationList;
			buildConfigurations = (
				2DB7072B24D9454A003B2151 /* Debug */,
				2DB7072C24D9454A003B2151 /* Release */,
			);
			defaultConfigurationIsVisible = 0;
			defaultConfigurationName = Release;
		};
		2DB7072D24D9454A003B2151 /* Build configuration list for PBXNativeTarget "MVVM-Clean" */ = {
			isa = XCConfigurationList;
			buildConfigurations = (
				2DB7072E24D9454A003B2151 /* Debug */,
				2DB7072F24D9454A003B2151 /* Release */,
			);
			defaultConfigurationIsVisible = 0;
			defaultConfigurationName = Release;
		};
		2DB7073024D9454A003B2151 /* Build configuration list for PBXNativeTarget "MVVM-CleanTests" */ = {
			isa = XCConfigurationList;
			buildConfigurations = (
				2DB7073124D9454A003B2151 /* Debug */,
				2DB7073224D9454A003B2151 /* Release */,
			);
			defaultConfigurationIsVisible = 0;
			defaultConfigurationName = Release;
		};
/* End XCConfigurationList section */
	};
	rootObject = 2DB7070624D94547003B2151 /* Project object */;
}
